<?xml version="1.0" encoding="utf-8"?>
<Project ToolsVersion="4.0" xmlns="http://schemas.microsoft.com/developer/msbuild/2003">
  <ItemGroup>
    <Filter Include="Source Files">
      <UniqueIdentifier>{4FC737F1-C7A5-4376-A066-2A32D752A2FF}</UniqueIdentifier>
      <Extensions>cpp;c;cc;cxx;def;odl;idl;hpj;bat;asm;asmx</Extensions>
    </Filter>
    <Filter Include="Header Files">
      <UniqueIdentifier>{93995380-89BD-4b04-88EB-625FBE52EBFB}</UniqueIdentifier>
      <Extensions>h;hh;hpp;hxx;hm;inl;inc;xsd</Extensions>
    </Filter>
    <Filter Include="Resource Files">
      <UniqueIdentifier>{67DA6AB6-F800-4c08-8B7A-83BB121AAD01}</UniqueIdentifier>
      <Extensions>rc;ico;cur;bmp;dlg;rc2;rct;bin;rgs;gif;jpg;jpeg;jpe;resx;tiff;tif;png;wav;mfcribbon-ms</Extensions>
    </Filter>
  </ItemGroup>
  <ItemGroup>
    <Text Include="readme.txt" />
  </ItemGroup>
  <ItemGroup>
    <ClCompile Include="main.c">
      <Filter>Source Files</Filter>
    </ClCompile>
  </ItemGroup>
  <ItemGroup>
    <None Include="uf20-91.tar\uf20-01.cnf">
      <Filter>Resource Files</Filter>
    </None>
    <None Include="uf20-91.tar\uf20-02.cnf">
      <Filter>Resource Files</Filter>
    </None>
    <None Include="uf20-91.tar\uf20-03.cnf">
      <Filter>Resource Files</Filter>
    </None>
    <None Include="uf20-91.tar\uf20-04.cnf">
      <Filter>Resource Files</Filter>
    </None>
    <None Include="uf20-91.tar\uf20-05.cnf">
      <Filter>Resource Files</Filter>
    </None>
    <None Include="uf20-91.tar\uf20-06.cnf">
      <Filter>Resource Files</Filter>
    </None>
    <None Include="uf20-91.tar\uf20-07.cnf">
      <Filter>Resource Files</Filter>
    </None>
    <None Include="uf20-91.tar\uf20-08.cnf">
      <Filter>Resource Files</Filter>
    </None>
    <None Include="uf20-91.tar\uf20-09.cnf">
      <Filter>Resource Files</Filter>
    </None>
    <None Include="uf20-91.tar\uf20-010.cnf">
      <Filter>Resource Files</Filter>
    </None>
    <None Include="uf20-91.tar\uf20-011.cnf">
      <Filter>Resource Files</Filter>
    </None>
    <None Include="uf20-91.tar\uf20-012.cnf">
      <Filter>Resource Files</Filter>
    </None>
    <None Include="uf20-91.tar\uf20-013.cnf">
      <Filter>Resource Files</Filter>
    </None>
    <None Include="uf20-91.tar\uf20-014.cnf">
      <Filter>Resource Files</Filter>
    </None>
    <None Include="uf20-91.tar\uf20-015.cnf">
      <Filter>Resource Files</Filter>
    </None>
    <None Include="uf20-91.tar\uf20-016.cnf">
      <Filter>Resource Files</Filter>
    </None>
    <None Include="uf20-91.tar\uf20-017.cnf">
      <Filter>Resource Files</Filter>
    </None>
    <None Include="uf20-91.tar\uf20-018.cnf">
      <Filter>Resource Files</Filter>
    </None>
    <None Include="uf20-91.tar\uf20-019.cnf">
      <Filter>Resource Files</Filter>
    </None>
    <None Include="uf20-91.tar\uf20-020.cnf">
      <Filter>Resource Files</Filter>
    </None>
    <None Include="uf20-91.tar\uf20-021.cnf">
      <Filter>Resource Files</Filter>
    </None>
    <None Include="uf20-91.tar\uf20-022.cnf">
      <Filter>Resource Files</Filter>
    </None>
    <None Include="uf20-91.tar\uf20-023.cnf">
      <Filter>Resource Files</Filter>
    </None>
    <None Include="uf20-91.tar\uf20-024.cnf">
      <Filter>Resource Files</Filter>
    </None>
    <None Include="uf20-91.tar\uf20-025.cnf">
      <Filter>Resource Files</Filter>
    </None>
    <None Include="uf20-91.tar\uf20-026.cnf">
      <Filter>Resource Files</Filter>
    </None>
    <None Include="uf20-91.tar\uf20-027.cnf">
      <Filter>Resource Files</Filter>
    </None>
    <None Include="uf20-91.tar\uf20-028.cnf">
      <Filter>Resource Files</Filter>
    </None>
    <None Include="uf20-91.tar\uf20-029.cnf">
      <Filter>Resource Files</Filter>
    </None>
    <None Include="uf20-91.tar\uf20-030.cnf">
      <Filter>Resource Files</Filter>
    </None>
    <None Include="uf20-91.tar\uf20-031.cnf">
      <Filter>Resource Files</Filter>
    </None>
    <None Include="uf20-91.tar\uf20-032.cnf">
      <Filter>Resource Files</Filter>
    </None>
    <None Include="uf20-91.tar\uf20-033.cnf">
      <Filter>Resource Files</Filter>
    </None>
    <None Include="uf20-91.tar\uf20-034.cnf">
      <Filter>Resource Files</Filter>
    </None>
    <None Include="uf20-91.tar\uf20-035.cnf">
      <Filter>Resource Files</Filter>
    </None>
    <None Include="uf20-91.tar\uf20-036.cnf">
      <Filter>Resource Files</Filter>
    </None>
    <None Include="uf20-91.tar\uf20-037.cnf">
      <Filter>Resource Files</Filter>
    </None>
    <None Include="uf20-91.tar\uf20-038.cnf">
      <Filter>Resource Files</Filter>
    </None>
    <None Include="uf20-91.tar\uf20-039.cnf">
      <Filter>Resource Files</Filter>
    </None>
    <None Include="uf20-91.tar\uf20-040.cnf">
      <Filter>Resource Files</Filter>
    </None>
    <None Include="uf20-91.tar\uf20-041.cnf">
      <Filter>Resource Files</Filter>
    </None>
    <None Include="uf20-91.tar\uf20-042.cnf">
      <Filter>Resource Files</Filter>
    </None>
    <None Include="uf20-91.tar\uf20-043.cnf">
      <Filter>Resource Files</Filter>
    </None>
    <None Include="uf20-91.tar\uf20-044.cnf">
      <Filter>Resource Files</Filter>
    </None>
    <None Include="uf20-91.tar\uf20-045.cnf">
      <Filter>Resource Files</Filter>
    </None>
    <None Include="uf20-91.tar\uf20-046.cnf">
      <Filter>Resource Files</Filter>
    </None>
    <None Include="uf20-91.tar\uf20-047.cnf">
      <Filter>Resource Files</Filter>
    </None>
    <None Include="uf20-91.tar\uf20-048.cnf">
      <Filter>Resource Files</Filter>
    </None>
    <None Include="uf20-91.tar\uf20-049.cnf">
      <Filter>Resource Files</Filter>
    </None>
    <None Include="uf20-91.tar\uf20-050.cnf">
      <Filter>Resource Files</Filter>
    </None>
    <None Include="uf20-91.tar\uf20-051.cnf">
      <Filter>Resource Files</Filter>
    </None>
    <None Include="uf20-91.tar\uf20-052.cnf">
      <Filter>Resource Files</Filter>
    </None>
    <None Include="uf20-91.tar\uf20-053.cnf">
      <Filter>Resource Files</Filter>
    </None>
    <None Include="uf20-91.tar\uf20-054.cnf">
      <Filter>Resource Files</Filter>
    </None>
    <None Include="uf20-91.tar\uf20-055.cnf">
      <Filter>Resource Files</Filter>
    </None>
    <None Include="uf20-91.tar\uf20-056.cnf">
      <Filter>Resource Files</Filter>
    </None>
    <None Include="uf20-91.tar\uf20-057.cnf">
      <Filter>Resource Files</Filter>
    </None>
    <None Include="uf20-91.tar\uf20-058.cnf">
      <Filter>Resource Files</Filter>
    </None>
    <None Include="uf20-91.tar\uf20-059.cnf">
      <Filter>Resource Files</Filter>
    </None>
    <None Include="uf20-91.tar\uf20-060.cnf">
      <Filter>Resource Files</Filter>
    </None>
    <None Include="uf20-91.tar\uf20-061.cnf">
      <Filter>Resource Files</Filter>
    </None>
    <None Include="uf20-91.tar\uf20-062.cnf">
      <Filter>Resource Files</Filter>
    </None>
    <None Include="uf20-91.tar\uf20-063.cnf">
      <Filter>Resource Files</Filter>
    </None>
    <None Include="uf20-91.tar\uf20-064.cnf">
      <Filter>Resource Files</Filter>
    </None>
    <None Include="uf20-91.tar\uf20-065.cnf">
      <Filter>Resource Files</Filter>
    </None>
    <None Include="uf20-91.tar\uf20-066.cnf">
      <Filter>Resource Files</Filter>
    </None>
    <None Include="uf20-91.tar\uf20-067.cnf">
      <Filter>Resource Files</Filter>
    </None>
    <None Include="uf20-91.tar\uf20-068.cnf">
      <Filter>Resource Files</Filter>
    </None>
    <None Include="uf20-91.tar\uf20-069.cnf">
      <Filter>Resource Files</Filter>
    </None>
    <None Include="uf20-91.tar\uf20-070.cnf">
      <Filter>Resource Files</Filter>
    </None>
    <None Include="uf20-91.tar\uf20-071.cnf">
      <Filter>Resource Files</Filter>
    </None>
    <None Include="uf20-91.tar\uf20-072.cnf">
      <Filter>Resource Files</Filter>
    </None>
    <None Include="uf20-91.tar\uf20-073.cnf">
      <Filter>Resource Files</Filter>
    </None>
    <None Include="uf20-91.tar\uf20-074.cnf">
      <Filter>Resource Files</Filter>
    </None>
    <None Include="uf20-91.tar\uf20-075.cnf">
      <Filter>Resource Files</Filter>
    </None>
    <None Include="uf20-91.tar\uf20-076.cnf">
      <Filter>Resource Files</Filter>
    </None>
    <None Include="uf20-91.tar\uf20-077.cnf">
      <Filter>Resource Files</Filter>
    </None>
    <None Include="uf20-91.tar\uf20-078.cnf">
      <Filter>Resource Files</Filter>
    </None>
    <None Include="uf20-91.tar\uf20-079.cnf">
      <Filter>Resource Files</Filter>
    </None>
    <None Include="uf20-91.tar\uf20-080.cnf">
      <Filter>Resource Files</Filter>
    </None>
    <None Include="uf20-91.tar\uf20-081.cnf">
      <Filter>Resource Files</Filter>
    </None>
    <None Include="uf20-91.tar\uf20-082.cnf">
      <Filter>Resource Files</Filter>
    </None>
    <None Include="uf20-91.tar\uf20-083.cnf">
      <Filter>Resource Files</Filter>
    </None>
    <None Include="uf20-91.tar\uf20-084.cnf">
      <Filter>Resource Files</Filter>
    </None>
    <None Include="uf20-91.tar\uf20-085.cnf">
      <Filter>Resource Files</Filter>
    </None>
    <None Include="uf20-91.tar\uf20-086.cnf">
      <Filter>Resource Files</Filter>
    </None>
    <None Include="uf20-91.tar\uf20-087.cnf">
      <Filter>Resource Files</Filter>
    </None>
    <None Include="uf20-91.tar\uf20-088.cnf">
      <Filter>Resource Files</Filter>
    </None>
    <None Include="uf20-91.tar\uf20-089.cnf">
      <Filter>Resource Files</Filter>
    </None>
    <None Include="uf20-91.tar\uf20-090.cnf">
      <Filter>Resource Files</Filter>
    </None>
    <None Include="uf20-91.tar\uf20-091.cnf">
      <Filter>Resource Files</Filter>
    </None>
    <None Include="uf20-91.tar\uf20-91.tar">
      <Filter>Resource Files</Filter>
    </None>
    <None Include="uf20-91.tar\uf20-092.cnf">
      <Filter>Resource Files</Filter>
    </None>
    <None Include="uf20-91.tar\uf20-093.cnf">
      <Filter>Resource Files</Filter>
    </None>
    <None Include="uf20-91.tar\uf20-094.cnf">
      <Filter>Resource Files</Filter>
    </None>
    <None Include="uf20-91.tar\uf20-095.cnf">
      <Filter>Resource Files</Filter>
    </None>
    <None Include="uf20-91.tar\uf20-096.cnf">
      <Filter>Resource Files</Filter>
    </None>
    <None Include="uf20-91.tar\uf20-097.cnf">
      <Filter>Resource Files</Filter>
    </None>
    <None Include="uf20-91.tar\uf20-098.cnf">
      <Filter>Resource Files</Filter>
    </None>
    <None Include="uf20-91.tar\uf20-099.cnf">
      <Filter>Resource Files</Filter>
    </None>
    <None Include="uf20-91.tar\uf20-0100.cnf">
      <Filter>Resource Files</Filter>
    </None>
    <None Include="uf20-91.tar\uf20-0101.cnf">
      <Filter>Resource Files</Filter>
    </None>
    <None Include="uf20-91.tar\uf20-0102.cnf">
      <Filter>Resource Files</Filter>
    </None>
    <None Include="uf20-91.tar\uf20-0103.cnf">
      <Filter>Resource Files</Filter>
    </None>
    <None Include="uf20-91.tar\uf20-0104.cnf">
      <Filter>Resource Files</Filter>
    </None>
    <None Include="uf20-91.tar\uf20-0105.cnf">
      <Filter>Resource Files</Filter>
    </None>
    <None Include="uf20-91.tar\uf20-0106.cnf">
      <Filter>Resource Files</Filter>
    </None>
    <None Include="uf20-91.tar\uf20-0107.cnf">
      <Filter>Resource Files</Filter>
    </None>
    <None Include="uf20-91.tar\uf20-0108.cnf">
      <Filter>Resource Files</Filter>
    </None>
    <None Include="uf20-91.tar\uf20-0109.cnf">
      <Filter>Resource Files</Filter>
    </None>
    <None Include="uf20-91.tar\uf20-0110.cnf">
      <Filter>Resource Files</Filter>
    </None>
    <None Include="uf20-91.tar\uf20-0111.cnf">
      <Filter>Resource Files</Filter>
    </None>
    <None Include="uf20-91.tar\uf20-0112.cnf">
      <Filter>Resource Files</Filter>
    </None>
    <None Include="uf20-91.tar\uf20-0113.cnf">
      <Filter>Resource Files</Filter>
    </None>
    <None Include="uf20-91.tar\uf20-0114.cnf">
      <Filter>Resource Files</Filter>
    </None>
    <None Include="uf20-91.tar\uf20-0115.cnf">
      <Filter>Resource Files</Filter>
    </None>
    <None Include="uf20-91.tar\uf20-0116.cnf">
      <Filter>Resource Files</Filter>
    </None>
    <None Include="uf20-91.tar\uf20-0117.cnf">
      <Filter>Resource Files</Filter>
    </None>
    <None Include="uf20-91.tar\uf20-0118.cnf">
      <Filter>Resource Files</Filter>
    </None>
    <None Include="uf20-91.tar\uf20-0119.cnf">
      <Filter>Resource Files</Filter>
    </None>
    <None Include="uf20-91.tar\uf20-0120.cnf">
      <Filter>Resource Files</Filter>
    </None>
    <None Include="uf20-91.tar\uf20-0121.cnf">
      <Filter>Resource Files</Filter>
    </None>
    <None Include="uf20-91.tar\uf20-0122.cnf">
      <Filter>Resource Files</Filter>
    </None>
    <None Include="uf20-91.tar\uf20-0123.cnf">
      <Filter>Resource Files</Filter>
    </None>
    <None Include="uf20-91.tar\uf20-0124.cnf">
      <Filter>Resource Files</Filter>
    </None>
    <None Include="uf20-91.tar\uf20-0125.cnf">
      <Filter>Resource Files</Filter>
    </None>
    <None Include="uf20-91.tar\uf20-0126.cnf">
      <Filter>Resource Files</Filter>
    </None>
    <None Include="uf20-91.tar\uf20-0127.cnf">
      <Filter>Resource Files</Filter>
    </None>
    <None Include="uf20-91.tar\uf20-0128.cnf">
      <Filter>Resource Files</Filter>
    </None>
    <None Include="uf20-91.tar\uf20-0129.cnf">
      <Filter>Resource Files</Filter>
    </None>
    <None Include="uf20-91.tar\uf20-0130.cnf">
      <Filter>Resource Files</Filter>
    </None>
    <None Include="uf20-91.tar\uf20-0131.cnf">
      <Filter>Resource Files</Filter>
    </None>
    <None Include="uf20-91.tar\uf20-0132.cnf">
      <Filter>Resource Files</Filter>
    </None>
    <None Include="uf20-91.tar\uf20-0133.cnf">
      <Filter>Resource Files</Filter>
    </None>
    <None Include="uf20-91.tar\uf20-0134.cnf">
      <Filter>Resource Files</Filter>
    </None>
    <None Include="uf20-91.tar\uf20-0135.cnf">
      <Filter>Resource Files</Filter>
    </None>
    <None Include="uf20-91.tar\uf20-0136.cnf">
      <Filter>Resource Files</Filter>
    </None>
    <None Include="uf20-91.tar\uf20-0137.cnf">
      <Filter>Resource Files</Filter>
    </None>
    <None Include="uf20-91.tar\uf20-0138.cnf">
      <Filter>Resource Files</Filter>
    </None>
    <None Include="uf20-91.tar\uf20-0139.cnf">
      <Filter>Resource Files</Filter>
    </None>
    <None Include="uf20-91.tar\uf20-0140.cnf">
      <Filter>Resource Files</Filter>
    </None>
    <None Include="uf20-91.tar\uf20-0141.cnf">
      <Filter>Resource Files</Filter>
    </None>
    <None Include="uf20-91.tar\uf20-0142.cnf">
      <Filter>Resource Files</Filter>
    </None>
    <None Include="uf20-91.tar\uf20-0143.cnf">
      <Filter>Resource Files</Filter>
    </None>
    <None Include="uf20-91.tar\uf20-0144.cnf">
      <Filter>Resource Files</Filter>
    </None>
    <None Include="uf20-91.tar\uf20-0145.cnf">
      <Filter>Resource Files</Filter>
    </None>
    <None Include="uf20-91.tar\uf20-0146.cnf">
      <Filter>Resource Files</Filter>
    </None>
    <None Include="uf20-91.tar\uf20-0147.cnf">
      <Filter>Resource Files</Filter>
    </None>
    <None Include="uf20-91.tar\uf20-0148.cnf">
      <Filter>Resource Files</Filter>
    </None>
    <None Include="uf20-91.tar\uf20-0149.cnf">
      <Filter>Resource Files</Filter>
    </None>
    <None Include="uf20-91.tar\uf20-0150.cnf">
      <Filter>Resource Files</Filter>
    </None>
    <None Include="uf20-91.tar\uf20-0151.cnf">
      <Filter>Resource Files</Filter>
    </None>
    <None Include="uf20-91.tar\uf20-0152.cnf">
      <Filter>Resource Files</Filter>
    </None>
    <None Include="uf20-91.tar\uf20-0153.cnf">
      <Filter>Resource Files</Filter>
    </None>
    <None Include="uf20-91.tar\uf20-0154.cnf">
      <Filter>Resource Files</Filter>
    </None>
    <None Include="uf20-91.tar\uf20-0155.cnf">
      <Filter>Resource Files</Filter>
    </None>
    <None Include="uf20-91.tar\uf20-0156.cnf">
      <Filter>Resource Files</Filter>
    </None>
    <None Include="uf20-91.tar\uf20-0157.cnf">
      <Filter>Resource Files</Filter>
    </None>
    <None Include="uf20-91.tar\uf20-0158.cnf">
      <Filter>Resource Files</Filter>
    </None>
    <None Include="uf20-91.tar\uf20-0159.cnf">
      <Filter>Resource Files</Filter>
    </None>
    <None Include="uf20-91.tar\uf20-0160.cnf">
      <Filter>Resource Files</Filter>
    </None>
    <None Include="uf20-91.tar\uf20-0161.cnf">
      <Filter>Resource Files</Filter>
    </None>
    <None Include="uf20-91.tar\uf20-0162.cnf">
      <Filter>Resource Files</Filter>
    </None>
    <None Include="uf20-91.tar\uf20-0163.cnf">
      <Filter>Resource Files</Filter>
    </None>
    <None Include="uf20-91.tar\uf20-0164.cnf">
      <Filter>Resource Files</Filter>
    </None>
    <None Include="uf20-91.tar\uf20-0165.cnf">
      <Filter>Resource Files</Filter>
    </None>
    <None Include="uf20-91.tar\uf20-0166.cnf">
      <Filter>Resource Files</Filter>
    </None>
    <None Include="uf20-91.tar\uf20-0167.cnf">
      <Filter>Resource Files</Filter>
    </None>
    <None Include="uf20-91.tar\uf20-0168.cnf">
      <Filter>Resource Files</Filter>
    </None>
    <None Include="uf20-91.tar\uf20-0169.cnf">
      <Filter>Resource Files</Filter>
    </None>
    <None Include="uf20-91.tar\uf20-0170.cnf">
      <Filter>Resource Files</Filter>
    </None>
    <None Include="uf20-91.tar\uf20-0171.cnf">
      <Filter>Resource Files</Filter>
    </None>
    <None Include="uf20-91.tar\uf20-0172.cnf">
      <Filter>Resource Files</Filter>
    </None>
    <None Include="uf20-91.tar\uf20-0173.cnf">
      <Filter>Resource Files</Filter>
    </None>
    <None Include="uf20-91.tar\uf20-0174.cnf">
      <Filter>Resource Files</Filter>
    </None>
    <None Include="uf20-91.tar\uf20-0175.cnf">
      <Filter>Resource Files</Filter>
    </None>
    <None Include="uf20-91.tar\uf20-0176.cnf">
      <Filter>Resource Files</Filter>
    </None>
    <None Include="uf20-91.tar\uf20-0177.cnf">
      <Filter>Resource Files</Filter>
    </None>
    <None Include="uf20-91.tar\uf20-0178.cnf">
      <Filter>Resource Files</Filter>
    </None>
    <None Include="uf20-91.tar\uf20-0179.cnf">
      <Filter>Resource Files</Filter>
    </None>
    <None Include="uf20-91.tar\uf20-0180.cnf">
      <Filter>Resource Files</Filter>
    </None>
    <None Include="uf20-91.tar\uf20-0181.cnf">
      <Filter>Resource Files</Filter>
    </None>
    <None Include="uf20-91.tar\uf20-0182.cnf">
      <Filter>Resource Files</Filter>
    </None>
    <None Include="uf20-91.tar\uf20-0183.cnf">
      <Filter>Resource Files</Filter>
    </None>
    <None Include="uf20-91.tar\uf20-0184.cnf">
      <Filter>Resource Files</Filter>
    </None>
    <None Include="uf20-91.tar\uf20-0185.cnf">
      <Filter>Resource Files</Filter>
    </None>
    <None Include="uf20-91.tar\uf20-0186.cnf">
      <Filter>Resource Files</Filter>
    </None>
    <None Include="uf20-91.tar\uf20-0187.cnf">
      <Filter>Resource Files</Filter>
    </None>
    <None Include="uf20-91.tar\uf20-0188.cnf">
      <Filter>Resource Files</Filter>
    </None>
    <None Include="uf20-91.tar\uf20-0189.cnf">
      <Filter>Resource Files</Filter>
    </None>
    <None Include="uf20-91.tar\uf20-0190.cnf">
      <Filter>Resource Files</Filter>
    </None>
    <None Include="uf20-91.tar\uf20-0191.cnf">
      <Filter>Resource Files</Filter>
    </None>
    <None Include="uf20-91.tar\uf20-0192.cnf">
      <Filter>Resource Files</Filter>
    </None>
    <None Include="uf20-91.tar\uf20-0193.cnf">
      <Filter>Resource Files</Filter>
    </None>
    <None Include="uf20-91.tar\uf20-0194.cnf">
      <Filter>Resource Files</Filter>
    </None>
    <None Include="uf20-91.tar\uf20-0195.cnf">
      <Filter>Resource Files</Filter>
    </None>
    <None Include="uf20-91.tar\uf20-0196.cnf">
      <Filter>Resource Files</Filter>
    </None>
    <None Include="uf20-91.tar\uf20-0197.cnf">
      <Filter>Resource Files</Filter>
    </None>
    <None Include="uf20-91.tar\uf20-0198.cnf">
      <Filter>Resource Files</Filter>
    </None>
    <None Include="uf20-91.tar\uf20-0199.cnf">
      <Filter>Resource Files</Filter>
    </None>
    <None Include="uf20-91.tar\uf20-0200.cnf">
      <Filter>Resource Files</Filter>
    </None>
    <None Include="uf20-91.tar\uf20-0201.cnf">
      <Filter>Resource Files</Filter>
    </None>
    <None Include="uf20-91.tar\uf20-0202.cnf">
      <Filter>Resource Files</Filter>
    </None>
    <None Include="uf20-91.tar\uf20-0203.cnf">
      <Filter>Resource Files</Filter>
    </None>
    <None Include="uf20-91.tar\uf20-0204.cnf">
      <Filter>Resource Files</Filter>
    </None>
    <None Include="uf20-91.tar\uf20-0205.cnf">
      <Filter>Resource Files</Filter>
    </None>
    <None Include="uf20-91.tar\uf20-0206.cnf">
      <Filter>Resource Files</Filter>
    </None>
    <None Include="uf20-91.tar\uf20-0207.cnf">
      <Filter>Resource Files</Filter>
    </None>
    <None Include="uf20-91.tar\uf20-0208.cnf">
      <Filter>Resource Files</Filter>
    </None>
    <None Include="uf20-91.tar\uf20-0209.cnf">
      <Filter>Resource Files</Filter>
    </None>
    <None Include="uf20-91.tar\uf20-0210.cnf">
      <Filter>Resource Files</Filter>
    </None>
    <None Include="uf20-91.tar\uf20-0211.cnf">
      <Filter>Resource Files</Filter>
    </None>
    <None Include="uf20-91.tar\uf20-0212.cnf">
      <Filter>Resource Files</Filter>
    </None>
    <None Include="uf20-91.tar\uf20-0213.cnf">
      <Filter>Resource Files</Filter>
    </None>
    <None Include="uf20-91.tar\uf20-0214.cnf">
      <Filter>Resource Files</Filter>
    </None>
    <None Include="uf20-91.tar\uf20-0215.cnf">
      <Filter>Resource Files</Filter>
    </None>
    <None Include="uf20-91.tar\uf20-0216.cnf">
      <Filter>Resource Files</Filter>
    </None>
    <None Include="uf20-91.tar\uf20-0217.cnf">
      <Filter>Resource Files</Filter>
    </None>
    <None Include="uf20-91.tar\uf20-0218.cnf">
      <Filter>Resource Files</Filter>
    </None>
    <None Include="uf20-91.tar\uf20-0219.cnf">
      <Filter>Resource Files</Filter>
    </None>
    <None Include="uf20-91.tar\uf20-0220.cnf">
      <Filter>Resource Files</Filter>
    </None>
    <None Include="uf20-91.tar\uf20-0221.cnf">
      <Filter>Resource Files</Filter>
    </None>
    <None Include="uf20-91.tar\uf20-0222.cnf">
      <Filter>Resource Files</Filter>
    </None>
    <None Include="uf20-91.tar\uf20-0223.cnf">
      <Filter>Resource Files</Filter>
    </None>
    <None Include="uf20-91.tar\uf20-0224.cnf">
      <Filter>Resource Files</Filter>
    </None>
    <None Include="uf20-91.tar\uf20-0225.cnf">
      <Filter>Resource Files</Filter>
    </None>
    <None Include="uf20-91.tar\uf20-0226.cnf">
      <Filter>Resource Files</Filter>
    </None>
    <None Include="uf20-91.tar\uf20-0227.cnf">
      <Filter>Resource Files</Filter>
    </None>
    <None Include="uf20-91.tar\uf20-0228.cnf">
      <Filter>Resource Files</Filter>
    </None>
    <None Include="uf20-91.tar\uf20-0229.cnf">
      <Filter>Resource Files</Filter>
    </None>
    <None Include="uf20-91.tar\uf20-0230.cnf">
      <Filter>Resource Files</Filter>
    </None>
    <None Include="uf20-91.tar\uf20-0231.cnf">
      <Filter>Resource Files</Filter>
    </None>
    <None Include="uf20-91.tar\uf20-0232.cnf">
      <Filter>Resource Files</Filter>
    </None>
    <None Include="uf20-91.tar\uf20-0233.cnf">
      <Filter>Resource Files</Filter>
    </None>
    <None Include="uf20-91.tar\uf20-0234.cnf">
      <Filter>Resource Files</Filter>
    </None>
    <None Include="uf20-91.tar\uf20-0235.cnf">
      <Filter>Resource Files</Filter>
    </None>
    <None Include="uf20-91.tar\uf20-0236.cnf">
      <Filter>Resource Files</Filter>
    </None>
    <None Include="uf20-91.tar\uf20-0237.cnf">
      <Filter>Resource Files</Filter>
    </None>
    <None Include="uf20-91.tar\uf20-0238.cnf">
      <Filter>Resource Files</Filter>
    </None>
    <None Include="uf20-91.tar\uf20-0239.cnf">
      <Filter>Resource Files</Filter>
    </None>
    <None Include="uf20-91.tar\uf20-0240.cnf">
      <Filter>Resource Files</Filter>
    </None>
    <None Include="uf20-91.tar\uf20-0241.cnf">
      <Filter>Resource Files</Filter>
    </None>
    <None Include="uf20-91.tar\uf20-0242.cnf">
      <Filter>Resource Files</Filter>
    </None>
    <None Include="uf20-91.tar\uf20-0243.cnf">
      <Filter>Resource Files</Filter>
    </None>
    <None Include="uf20-91.tar\uf20-0244.cnf">
      <Filter>Resource Files</Filter>
    </None>
    <None Include="uf20-91.tar\uf20-0245.cnf">
      <Filter>Resource Files</Filter>
    </None>
    <None Include="uf20-91.tar\uf20-0246.cnf">
      <Filter>Resource Files</Filter>
    </None>
    <None Include="uf20-91.tar\uf20-0247.cnf">
      <Filter>Resource Files</Filter>
    </None>
    <None Include="uf20-91.tar\uf20-0248.cnf">
      <Filter>Resource Files</Filter>
    </None>
    <None Include="uf20-91.tar\uf20-0249.cnf">
      <Filter>Resource Files</Filter>
    </None>
    <None Include="uf20-91.tar\uf20-0250.cnf">
      <Filter>Resource Files</Filter>
    </None>
    <None Include="uf20-91.tar\uf20-0251.cnf">
      <Filter>Resource Files</Filter>
    </None>
    <None Include="uf20-91.tar\uf20-0252.cnf">
      <Filter>Resource Files</Filter>
    </None>
    <None Include="uf20-91.tar\uf20-0253.cnf">
      <Filter>Resource Files</Filter>
    </None>
    <None Include="uf20-91.tar\uf20-0254.cnf">
      <Filter>Resource Files</Filter>
    </None>
    <None Include="uf20-91.tar\uf20-0255.cnf">
      <Filter>Resource Files</Filter>
    </None>
    <None Include="uf20-91.tar\uf20-0256.cnf">
      <Filter>Resource Files</Filter>
    </None>
    <None Include="uf20-91.tar\uf20-0257.cnf">
      <Filter>Resource Files</Filter>
    </None>
    <None Include="uf20-91.tar\uf20-0258.cnf">
      <Filter>Resource Files</Filter>
    </None>
    <None Include="uf20-91.tar\uf20-0259.cnf">
      <Filter>Resource Files</Filter>
    </None>
    <None Include="uf20-91.tar\uf20-0260.cnf">
      <Filter>Resource Files</Filter>
    </None>
    <None Include="uf20-91.tar\uf20-0261.cnf">
      <Filter>Resource Files</Filter>
    </None>
    <None Include="uf20-91.tar\uf20-0262.cnf">
      <Filter>Resource Files</Filter>
    </None>
    <None Include="uf20-91.tar\uf20-0263.cnf">
      <Filter>Resource Files</Filter>
    </None>
    <None Include="uf20-91.tar\uf20-0264.cnf">
      <Filter>Resource Files</Filter>
    </None>
    <None Include="uf20-91.tar\uf20-0265.cnf">
      <Filter>Resource Files</Filter>
    </None>
    <None Include="uf20-91.tar\uf20-0266.cnf">
      <Filter>Resource Files</Filter>
    </None>
    <None Include="uf20-91.tar\uf20-0267.cnf">
      <Filter>Resource Files</Filter>
    </None>
    <None Include="uf20-91.tar\uf20-0268.cnf">
      <Filter>Resource Files</Filter>
    </None>
    <None Include="uf20-91.tar\uf20-0269.cnf">
      <Filter>Resource Files</Filter>
    </None>
    <None Include="uf20-91.tar\uf20-0270.cnf">
      <Filter>Resource Files</Filter>
    </None>
    <None Include="uf20-91.tar\uf20-0271.cnf">
      <Filter>Resource Files</Filter>
    </None>
    <None Include="uf20-91.tar\uf20-0272.cnf">
      <Filter>Resource Files</Filter>
    </None>
    <None Include="uf20-91.tar\uf20-0273.cnf">
      <Filter>Resource Files</Filter>
    </None>
    <None Include="uf20-91.tar\uf20-0274.cnf">
      <Filter>Resource Files</Filter>
    </None>
    <None Include="uf20-91.tar\uf20-0275.cnf">
      <Filter>Resource Files</Filter>
    </None>
    <None Include="uf20-91.tar\uf20-0276.cnf">
      <Filter>Resource Files</Filter>
    </None>
    <None Include="uf20-91.tar\uf20-0277.cnf">
      <Filter>Resource Files</Filter>
    </None>
    <None Include="uf20-91.tar\uf20-0278.cnf">
      <Filter>Resource Files</Filter>
    </None>
    <None Include="uf20-91.tar\uf20-0279.cnf">
      <Filter>Resource Files</Filter>
    </None>
    <None Include="uf20-91.tar\uf20-0280.cnf">
      <Filter>Resource Files</Filter>
    </None>
    <None Include="uf20-91.tar\uf20-0281.cnf">
      <Filter>Resource Files</Filter>
    </None>
    <None Include="uf20-91.tar\uf20-0282.cnf">
      <Filter>Resource Files</Filter>
    </None>
    <None Include="uf20-91.tar\uf20-0283.cnf">
      <Filter>Resource Files</Filter>
    </None>
    <None Include="uf20-91.tar\uf20-0284.cnf">
      <Filter>Resource Files</Filter>
    </None>
    <None Include="uf20-91.tar\uf20-0285.cnf">
      <Filter>Resource Files</Filter>
    </None>
    <None Include="uf20-91.tar\uf20-0286.cnf">
      <Filter>Resource Files</Filter>
    </None>
    <None Include="uf20-91.tar\uf20-0287.cnf">
      <Filter>Resource Files</Filter>
    </None>
    <None Include="uf20-91.tar\uf20-0288.cnf">
      <Filter>Resource Files</Filter>
    </None>
    <None Include="uf20-91.tar\uf20-0289.cnf">
      <Filter>Resource Files</Filter>
    </None>
    <None Include="uf20-91.tar\uf20-0290.cnf">
      <Filter>Resource Files</Filter>
    </None>
    <None Include="uf20-91.tar\uf20-0291.cnf">
      <Filter>Resource Files</Filter>
    </None>
    <None Include="uf20-91.tar\uf20-0292.cnf">
      <Filter>Resource Files</Filter>
    </None>
    <None Include="uf20-91.tar\uf20-0293.cnf">
      <Filter>Resource Files</Filter>
    </None>
    <None Include="uf20-91.tar\uf20-0294.cnf">
      <Filter>Resource Files</Filter>
    </None>
    <None Include="uf20-91.tar\uf20-0295.cnf">
      <Filter>Resource Files</Filter>
    </None>
    <None Include="uf20-91.tar\uf20-0296.cnf">
      <Filter>Resource Files</Filter>
    </None>
    <None Include="uf20-91.tar\uf20-0297.cnf">
      <Filter>Resource Files</Filter>
    </None>
    <None Include="uf20-91.tar\uf20-0298.cnf">
      <Filter>Resource Files</Filter>
    </None>
    <None Include="uf20-91.tar\uf20-0299.cnf">
      <Filter>Resource Files</Filter>
    </None>
    <None Include="uf20-91.tar\uf20-0300.cnf">
      <Filter>Resource Files</Filter>
    </None>
    <None Include="uf20-91.tar\uf20-0301.cnf">
      <Filter>Resource Files</Filter>
    </None>
    <None Include="uf20-91.tar\uf20-0302.cnf">
      <Filter>Resource Files</Filter>
    </None>
    <None Include="uf20-91.tar\uf20-0303.cnf">
      <Filter>Resource Files</Filter>
    </None>
    <None Include="uf20-91.tar\uf20-0304.cnf">
      <Filter>Resource Files</Filter>
    </None>
    <None Include="uf20-91.tar\uf20-0305.cnf">
      <Filter>Resource Files</Filter>
    </None>
    <None Include="uf20-91.tar\uf20-0306.cnf">
      <Filter>Resource Files</Filter>
    </None>
    <None Include="uf20-91.tar\uf20-0307.cnf">
      <Filter>Resource Files</Filter>
    </None>
    <None Include="uf20-91.tar\uf20-0308.cnf">
      <Filter>Resource Files</Filter>
    </None>
    <None Include="uf20-91.tar\uf20-0309.cnf">
      <Filter>Resource Files</Filter>
    </None>
    <None Include="uf20-91.tar\uf20-0310.cnf">
      <Filter>Resource Files</Filter>
    </None>
    <None Include="uf20-91.tar\uf20-0311.cnf">
      <Filter>Resource Files</Filter>
    </None>
    <None Include="uf20-91.tar\uf20-0312.cnf">
      <Filter>Resource Files</Filter>
    </None>
    <None Include="uf20-91.tar\uf20-0313.cnf">
      <Filter>Resource Files</Filter>
    </None>
    <None Include="uf20-91.tar\uf20-0314.cnf">
      <Filter>Resource Files</Filter>
    </None>
    <None Include="uf20-91.tar\uf20-0315.cnf">
      <Filter>Resource Files</Filter>
    </None>
    <None Include="uf20-91.tar\uf20-0316.cnf">
      <Filter>Resource Files</Filter>
    </None>
    <None Include="uf20-91.tar\uf20-0317.cnf">
      <Filter>Resource Files</Filter>
    </None>
    <None Include="uf20-91.tar\uf20-0318.cnf">
      <Filter>Resource Files</Filter>
    </None>
    <None Include="uf20-91.tar\uf20-0319.cnf">
      <Filter>Resource Files</Filter>
    </None>
    <None Include="uf20-91.tar\uf20-0320.cnf">
      <Filter>Resource Files</Filter>
    </None>
    <None Include="uf20-91.tar\uf20-0321.cnf">
      <Filter>Resource Files</Filter>
    </None>
    <None Include="uf20-91.tar\uf20-0322.cnf">
      <Filter>Resource Files</Filter>
    </None>
    <None Include="uf20-91.tar\uf20-0323.cnf">
      <Filter>Resource Files</Filter>
    </None>
    <None Include="uf20-91.tar\uf20-0324.cnf">
      <Filter>Resource Files</Filter>
    </None>
    <None Include="uf20-91.tar\uf20-0325.cnf">
      <Filter>Resource Files</Filter>
    </None>
    <None Include="uf20-91.tar\uf20-0326.cnf">
      <Filter>Resource Files</Filter>
    </None>
    <None Include="uf20-91.tar\uf20-0327.cnf">
      <Filter>Resource Files</Filter>
    </None>
    <None Include="uf20-91.tar\uf20-0328.cnf">
      <Filter>Resource Files</Filter>
    </None>
    <None Include="uf20-91.tar\uf20-0329.cnf">
      <Filter>Resource Files</Filter>
    </None>
    <None Include="uf20-91.tar\uf20-0330.cnf">
      <Filter>Resource Files</Filter>
    </None>
    <None Include="uf20-91.tar\uf20-0331.cnf">
      <Filter>Resource Files</Filter>
    </None>
    <None Include="uf20-91.tar\uf20-0332.cnf">
      <Filter>Resource Files</Filter>
    </None>
    <None Include="uf20-91.tar\uf20-0333.cnf">
      <Filter>Resource Files</Filter>
    </None>
    <None Include="uf20-91.tar\uf20-0334.cnf">
      <Filter>Resource Files</Filter>
    </None>
    <None Include="uf20-91.tar\uf20-0335.cnf">
      <Filter>Resource Files</Filter>
    </None>
    <None Include="uf20-91.tar\uf20-0336.cnf">
      <Filter>Resource Files</Filter>
    </None>
    <None Include="uf20-91.tar\uf20-0337.cnf">
      <Filter>Resource Files</Filter>
    </None>
    <None Include="uf20-91.tar\uf20-0338.cnf">
      <Filter>Resource Files</Filter>
    </None>
    <None Include="uf20-91.tar\uf20-0339.cnf">
      <Filter>Resource Files</Filter>
    </None>
    <None Include="uf20-91.tar\uf20-0340.cnf">
      <Filter>Resource Files</Filter>
    </None>
    <None Include="uf20-91.tar\uf20-0341.cnf">
      <Filter>Resource Files</Filter>
    </None>
    <None Include="uf20-91.tar\uf20-0342.cnf">
      <Filter>Resource Files</Filter>
    </None>
    <None Include="uf20-91.tar\uf20-0343.cnf">
      <Filter>Resource Files</Filter>
    </None>
    <None Include="uf20-91.tar\uf20-0344.cnf">
      <Filter>Resource Files</Filter>
    </None>
    <None Include="uf20-91.tar\uf20-0345.cnf">
      <Filter>Resource Files</Filter>
    </None>
    <None Include="uf20-91.tar\uf20-0346.cnf">
      <Filter>Resource Files</Filter>
    </None>
    <None Include="uf20-91.tar\uf20-0347.cnf">
      <Filter>Resource Files</Filter>
    </None>
    <None Include="uf20-91.tar\uf20-0348.cnf">
      <Filter>Resource Files</Filter>
    </None>
    <None Include="uf20-91.tar\uf20-0349.cnf">
      <Filter>Resource Files</Filter>
    </None>
    <None Include="uf20-91.tar\uf20-0350.cnf">
      <Filter>Resource Files</Filter>
    </None>
    <None Include="uf20-91.tar\uf20-0351.cnf">
      <Filter>Resource Files</Filter>
    </None>
    <None Include="uf20-91.tar\uf20-0352.cnf">
      <Filter>Resource Files</Filter>
    </None>
    <None Include="uf20-91.tar\uf20-0353.cnf">
      <Filter>Resource Files</Filter>
    </None>
    <None Include="uf20-91.tar\uf20-0354.cnf">
      <Filter>Resource Files</Filter>
    </None>
    <None Include="uf20-91.tar\uf20-0355.cnf">
      <Filter>Resource Files</Filter>
    </None>
    <None Include="uf20-91.tar\uf20-0356.cnf">
      <Filter>Resource Files</Filter>
    </None>
    <None Include="uf20-91.tar\uf20-0357.cnf">
      <Filter>Resource Files</Filter>
    </None>
    <None Include="uf20-91.tar\uf20-0358.cnf">
      <Filter>Resource Files</Filter>
    </None>
    <None Include="uf20-91.tar\uf20-0359.cnf">
      <Filter>Resource Files</Filter>
    </None>
    <None Include="uf20-91.tar\uf20-0360.cnf">
      <Filter>Resource Files</Filter>
    </None>
    <None Include="uf20-91.tar\uf20-0361.cnf">
      <Filter>Resource Files</Filter>
    </None>
    <None Include="uf20-91.tar\uf20-0362.cnf">
      <Filter>Resource Files</Filter>
    </None>
    <None Include="uf20-91.tar\uf20-0363.cnf">
      <Filter>Resource Files</Filter>
    </None>
    <None Include="uf20-91.tar\uf20-0364.cnf">
      <Filter>Resource Files</Filter>
    </None>
    <None Include="uf20-91.tar\uf20-0365.cnf">
      <Filter>Resource Files</Filter>
    </None>
    <None Include="uf20-91.tar\uf20-0366.cnf">
      <Filter>Resource Files</Filter>
    </None>
    <None Include="uf20-91.tar\uf20-0367.cnf">
      <Filter>Resource Files</Filter>
    </None>
    <None Include="uf20-91.tar\uf20-0368.cnf">
      <Filter>Resource Files</Filter>
    </None>
    <None Include="uf20-91.tar\uf20-0369.cnf">
      <Filter>Resource Files</Filter>
    </None>
    <None Include="uf20-91.tar\uf20-0370.cnf">
      <Filter>Resource Files</Filter>
    </None>
    <None Include="uf20-91.tar\uf20-0371.cnf">
      <Filter>Resource Files</Filter>
    </None>
    <None Include="uf20-91.tar\uf20-0372.cnf">
      <Filter>Resource Files</Filter>
    </None>
    <None Include="uf20-91.tar\uf20-0373.cnf">
      <Filter>Resource Files</Filter>
    </None>
    <None Include="uf20-91.tar\uf20-0374.cnf">
      <Filter>Resource Files</Filter>
    </None>
    <None Include="uf20-91.tar\uf20-0375.cnf">
      <Filter>Resource Files</Filter>
    </None>
    <None Include="uf20-91.tar\uf20-0376.cnf">
      <Filter>Resource Files</Filter>
    </None>
    <None Include="uf20-91.tar\uf20-0377.cnf">
      <Filter>Resource Files</Filter>
    </None>
    <None Include="uf20-91.tar\uf20-0378.cnf">
      <Filter>Resource Files</Filter>
    </None>
    <None Include="uf20-91.tar\uf20-0379.cnf">
      <Filter>Resource Files</Filter>
    </None>
    <None Include="uf20-91.tar\uf20-0380.cnf">
      <Filter>Resource Files</Filter>
    </None>
    <None Include="uf20-91.tar\uf20-0381.cnf">
      <Filter>Resource Files</Filter>
    </None>
    <None Include="uf20-91.tar\uf20-0382.cnf">
      <Filter>Resource Files</Filter>
    </None>
    <None Include="uf20-91.tar\uf20-0383.cnf">
      <Filter>Resource Files</Filter>
    </None>
    <None Include="uf20-91.tar\uf20-0384.cnf">
      <Filter>Resource Files</Filter>
    </None>
    <None Include="uf20-91.tar\uf20-0385.cnf">
      <Filter>Resource Files</Filter>
    </None>
    <None Include="uf20-91.tar\uf20-0386.cnf">
      <Filter>Resource Files</Filter>
    </None>
    <None Include="uf20-91.tar\uf20-0387.cnf">
      <Filter>Resource Files</Filter>
    </None>
    <None Include="uf20-91.tar\uf20-0388.cnf">
      <Filter>Resource Files</Filter>
    </None>
    <None Include="uf20-91.tar\uf20-0389.cnf">
      <Filter>Resource Files</Filter>
    </None>
    <None Include="uf20-91.tar\uf20-0390.cnf">
      <Filter>Resource Files</Filter>
    </None>
    <None Include="uf20-91.tar\uf20-0391.cnf">
      <Filter>Resource Files</Filter>
    </None>
    <None Include="uf20-91.tar\uf20-0392.cnf">
      <Filter>Resource Files</Filter>
    </None>
    <None Include="uf20-91.tar\uf20-0393.cnf">
      <Filter>Resource Files</Filter>
    </None>
    <None Include="uf20-91.tar\uf20-0394.cnf">
      <Filter>Resource Files</Filter>
    </None>
    <None Include="uf20-91.tar\uf20-0395.cnf">
      <Filter>Resource Files</Filter>
    </None>
    <None Include="uf20-91.tar\uf20-0396.cnf">
      <Filter>Resource Files</Filter>
    </None>
    <None Include="uf20-91.tar\uf20-0397.cnf">
      <Filter>Resource Files</Filter>
    </None>
    <None Include="uf20-91.tar\uf20-0398.cnf">
      <Filter>Resource Files</Filter>
    </None>
    <None Include="uf20-91.tar\uf20-0399.cnf">
      <Filter>Resource Files</Filter>
    </None>
    <None Include="uf20-91.tar\uf20-0400.cnf">
      <Filter>Resource Files</Filter>
    </None>
    <None Include="uf20-91.tar\uf20-0401.cnf">
      <Filter>Resource Files</Filter>
    </None>
    <None Include="uf20-91.tar\uf20-0402.cnf">
      <Filter>Resource Files</Filter>
    </None>
    <None Include="uf20-91.tar\uf20-0403.cnf">
      <Filter>Resource Files</Filter>
    </None>
    <None Include="uf20-91.tar\uf20-0404.cnf">
      <Filter>Resource Files</Filter>
    </None>
    <None Include="uf20-91.tar\uf20-0405.cnf">
      <Filter>Resource Files</Filter>
    </None>
    <None Include="uf20-91.tar\uf20-0406.cnf">
      <Filter>Resource Files</Filter>
    </None>
    <None Include="uf20-91.tar\uf20-0407.cnf">
      <Filter>Resource Files</Filter>
    </None>
    <None Include="uf20-91.tar\uf20-0408.cnf">
      <Filter>Resource Files</Filter>
    </None>
    <None Include="uf20-91.tar\uf20-0409.cnf">
      <Filter>Resource Files</Filter>
    </None>
    <None Include="uf20-91.tar\uf20-0410.cnf">
      <Filter>Resource Files</Filter>
    </None>
    <None Include="uf20-91.tar\uf20-0411.cnf">
      <Filter>Resource Files</Filter>
    </None>
    <None Include="uf20-91.tar\uf20-0412.cnf">
      <Filter>Resource Files</Filter>
    </None>
    <None Include="uf20-91.tar\uf20-0413.cnf">
      <Filter>Resource Files</Filter>
    </None>
    <None Include="uf20-91.tar\uf20-0414.cnf">
      <Filter>Resource Files</Filter>
    </None>
    <None Include="uf20-91.tar\uf20-0415.cnf">
      <Filter>Resource Files</Filter>
    </None>
    <None Include="uf20-91.tar\uf20-0416.cnf">
      <Filter>Resource Files</Filter>
    </None>
    <None Include="uf20-91.tar\uf20-0417.cnf">
      <Filter>Resource Files</Filter>
    </None>
    <None Include="uf20-91.tar\uf20-0418.cnf">
      <Filter>Resource Files</Filter>
    </None>
    <None Include="uf20-91.tar\uf20-0419.cnf">
      <Filter>Resource Files</Filter>
    </None>
    <None Include="uf20-91.tar\uf20-0420.cnf">
      <Filter>Resource Files</Filter>
    </None>
    <None Include="uf20-91.tar\uf20-0421.cnf">
      <Filter>Resource Files</Filter>
    </None>
    <None Include="uf20-91.tar\uf20-0422.cnf">
      <Filter>Resource Files</Filter>
    </None>
    <None Include="uf20-91.tar\uf20-0423.cnf">
      <Filter>Resource Files</Filter>
    </None>
    <None Include="uf20-91.tar\uf20-0424.cnf">
      <Filter>Resource Files</Filter>
    </None>
    <None Include="uf20-91.tar\uf20-0425.cnf">
      <Filter>Resource Files</Filter>
    </None>
    <None Include="uf20-91.tar\uf20-0426.cnf">
      <Filter>Resource Files</Filter>
    </None>
    <None Include="uf20-91.tar\uf20-0427.cnf">
      <Filter>Resource Files</Filter>
    </None>
    <None Include="uf20-91.tar\uf20-0428.cnf">
      <Filter>Resource Files</Filter>
    </None>
    <None Include="uf20-91.tar\uf20-0429.cnf">
      <Filter>Resource Files</Filter>
    </None>
    <None Include="uf20-91.tar\uf20-0430.cnf">
      <Filter>Resource Files</Filter>
    </None>
    <None Include="uf20-91.tar\uf20-0431.cnf">
      <Filter>Resource Files</Filter>
    </None>
    <None Include="uf20-91.tar\uf20-0432.cnf">
      <Filter>Resource Files</Filter>
    </None>
    <None Include="uf20-91.tar\uf20-0433.cnf">
      <Filter>Resource Files</Filter>
    </None>
    <None Include="uf20-91.tar\uf20-0434.cnf">
      <Filter>Resource Files</Filter>
    </None>
    <None Include="uf20-91.tar\uf20-0435.cnf">
      <Filter>Resource Files</Filter>
    </None>
    <None Include="uf20-91.tar\uf20-0436.cnf">
      <Filter>Resource Files</Filter>
    </None>
    <None Include="uf20-91.tar\uf20-0437.cnf">
      <Filter>Resource Files</Filter>
    </None>
    <None Include="uf20-91.tar\uf20-0438.cnf">
      <Filter>Resource Files</Filter>
    </None>
    <None Include="uf20-91.tar\uf20-0439.cnf">
      <Filter>Resource Files</Filter>
    </None>
    <None Include="uf20-91.tar\uf20-0440.cnf">
      <Filter>Resource Files</Filter>
    </None>
    <None Include="uf20-91.tar\uf20-0441.cnf">
      <Filter>Resource Files</Filter>
    </None>
    <None Include="uf20-91.tar\uf20-0442.cnf">
      <Filter>Resource Files</Filter>
    </None>
    <None Include="uf20-91.tar\uf20-0443.cnf">
      <Filter>Resource Files</Filter>
    </None>
    <None Include="uf20-91.tar\uf20-0444.cnf">
      <Filter>Resource Files</Filter>
    </None>
    <None Include="uf20-91.tar\uf20-0445.cnf">
      <Filter>Resource Files</Filter>
    </None>
    <None Include="uf20-91.tar\uf20-0446.cnf">
      <Filter>Resource Files</Filter>
    </None>
    <None Include="uf20-91.tar\uf20-0447.cnf">
      <Filter>Resource Files</Filter>
    </None>
    <None Include="uf20-91.tar\uf20-0448.cnf">
      <Filter>Resource Files</Filter>
    </None>
    <None Include="uf20-91.tar\uf20-0449.cnf">
      <Filter>Resource Files</Filter>
    </None>
    <None Include="uf20-91.tar\uf20-0450.cnf">
      <Filter>Resource Files</Filter>
    </None>
    <None Include="uf20-91.tar\uf20-0451.cnf">
      <Filter>Resource Files</Filter>
    </None>
    <None Include="uf20-91.tar\uf20-0452.cnf">
      <Filter>Resource Files</Filter>
    </None>
    <None Include="uf20-91.tar\uf20-0453.cnf">
      <Filter>Resource Files</Filter>
    </None>
    <None Include="uf20-91.tar\uf20-0454.cnf">
      <Filter>Resource Files</Filter>
    </None>
    <None Include="uf20-91.tar\uf20-0455.cnf">
      <Filter>Resource Files</Filter>
    </None>
    <None Include="uf20-91.tar\uf20-0456.cnf">
      <Filter>Resource Files</Filter>
    </None>
    <None Include="uf20-91.tar\uf20-0457.cnf">
      <Filter>Resource Files</Filter>
    </None>
    <None Include="uf20-91.tar\uf20-0458.cnf">
      <Filter>Resource Files</Filter>
    </None>
    <None Include="uf20-91.tar\uf20-0459.cnf">
      <Filter>Resource Files</Filter>
    </None>
    <None Include="uf20-91.tar\uf20-0460.cnf">
      <Filter>Resource Files</Filter>
    </None>
    <None Include="uf20-91.tar\uf20-0461.cnf">
      <Filter>Resource Files</Filter>
    </None>
    <None Include="uf20-91.tar\uf20-0462.cnf">
      <Filter>Resource Files</Filter>
    </None>
    <None Include="uf20-91.tar\uf20-0463.cnf">
      <Filter>Resource Files</Filter>
    </None>
    <None Include="uf20-91.tar\uf20-0464.cnf">
      <Filter>Resource Files</Filter>
    </None>
    <None Include="uf20-91.tar\uf20-0465.cnf">
      <Filter>Resource Files</Filter>
    </None>
    <None Include="uf20-91.tar\uf20-0466.cnf">
      <Filter>Resource Files</Filter>
    </None>
    <None Include="uf20-91.tar\uf20-0467.cnf">
      <Filter>Resource Files</Filter>
    </None>
    <None Include="uf20-91.tar\uf20-0468.cnf">
      <Filter>Resource Files</Filter>
    </None>
    <None Include="uf20-91.tar\uf20-0469.cnf">
      <Filter>Resource Files</Filter>
    </None>
    <None Include="uf20-91.tar\uf20-0470.cnf">
      <Filter>Resource Files</Filter>
    </None>
    <None Include="uf20-91.tar\uf20-0471.cnf">
      <Filter>Resource Files</Filter>
    </None>
    <None Include="uf20-91.tar\uf20-0472.cnf">
      <Filter>Resource Files</Filter>
    </None>
    <None Include="uf20-91.tar\uf20-0473.cnf">
      <Filter>Resource Files</Filter>
    </None>
    <None Include="uf20-91.tar\uf20-0474.cnf">
      <Filter>Resource Files</Filter>
    </None>
    <None Include="uf20-91.tar\uf20-0475.cnf">
      <Filter>Resource Files</Filter>
    </None>
    <None Include="uf20-91.tar\uf20-0476.cnf">
      <Filter>Resource Files</Filter>
    </None>
    <None Include="uf20-91.tar\uf20-0477.cnf">
      <Filter>Resource Files</Filter>
    </None>
    <None Include="uf20-91.tar\uf20-0478.cnf">
      <Filter>Resource Files</Filter>
    </None>
    <None Include="uf20-91.tar\uf20-0479.cnf">
      <Filter>Resource Files</Filter>
    </None>
    <None Include="uf20-91.tar\uf20-0480.cnf">
      <Filter>Resource Files</Filter>
    </None>
    <None Include="uf20-91.tar\uf20-0481.cnf">
      <Filter>Resource Files</Filter>
    </None>
    <None Include="uf20-91.tar\uf20-0482.cnf">
      <Filter>Resource Files</Filter>
    </None>
    <None Include="uf20-91.tar\uf20-0483.cnf">
      <Filter>Resource Files</Filter>
    </None>
    <None Include="uf20-91.tar\uf20-0484.cnf">
      <Filter>Resource Files</Filter>
    </None>
    <None Include="uf20-91.tar\uf20-0485.cnf">
      <Filter>Resource Files</Filter>
    </None>
    <None Include="uf20-91.tar\uf20-0486.cnf">
      <Filter>Resource Files</Filter>
    </None>
    <None Include="uf20-91.tar\uf20-0487.cnf">
      <Filter>Resource Files</Filter>
    </None>
    <None Include="uf20-91.tar\uf20-0488.cnf">
      <Filter>Resource Files</Filter>
    </None>
    <None Include="uf20-91.tar\uf20-0489.cnf">
      <Filter>Resource Files</Filter>
    </None>
    <None Include="uf20-91.tar\uf20-0490.cnf">
      <Filter>Resource Files</Filter>
    </None>
    <None Include="uf20-91.tar\uf20-0491.cnf">
      <Filter>Resource Files</Filter>
    </None>
    <None Include="uf20-91.tar\uf20-0492.cnf">
      <Filter>Resource Files</Filter>
    </None>
    <None Include="uf20-91.tar\uf20-0493.cnf">
      <Filter>Resource Files</Filter>
    </None>
    <None Include="uf20-91.tar\uf20-0494.cnf">
      <Filter>Resource Files</Filter>
    </None>
    <None Include="uf20-91.tar\uf20-0495.cnf">
      <Filter>Resource Files</Filter>
    </None>
    <None Include="uf20-91.tar\uf20-0496.cnf">
      <Filter>Resource Files</Filter>
    </None>
    <None Include="uf20-91.tar\uf20-0497.cnf">
      <Filter>Resource Files</Filter>
    </None>
    <None Include="uf20-91.tar\uf20-0498.cnf">
      <Filter>Resource Files</Filter>
    </None>
    <None Include="uf20-91.tar\uf20-0499.cnf">
      <Filter>Resource Files</Filter>
    </None>
    <None Include="uf20-91.tar\uf20-0500.cnf">
      <Filter>Resource Files</Filter>
    </None>
    <None Include="uf20-91.tar\uf20-0501.cnf">
      <Filter>Resource Files</Filter>
    </None>
    <None Include="uf20-91.tar\uf20-0502.cnf">
      <Filter>Resource Files</Filter>
    </None>
    <None Include="uf20-91.tar\uf20-0503.cnf">
      <Filter>Resource Files</Filter>
    </None>
    <None Include="uf20-91.tar\uf20-0504.cnf">
      <Filter>Resource Files</Filter>
    </None>
    <None Include="uf20-91.tar\uf20-0505.cnf">
      <Filter>Resource Files</Filter>
    </None>
    <None Include="uf20-91.tar\uf20-0506.cnf">
      <Filter>Resource Files</Filter>
    </None>
    <None Include="uf20-91.tar\uf20-0507.cnf">
      <Filter>Resource Files</Filter>
    </None>
    <None Include="uf20-91.tar\uf20-0508.cnf">
      <Filter>Resource Files</Filter>
    </None>
    <None Include="uf20-91.tar\uf20-0509.cnf">
      <Filter>Resource Files</Filter>
    </None>
    <None Include="uf20-91.tar\uf20-0510.cnf">
      <Filter>Resource Files</Filter>
    </None>
    <None Include="uf20-91.tar\uf20-0511.cnf">
      <Filter>Resource Files</Filter>
    </None>
    <None Include="uf20-91.tar\uf20-0512.cnf">
      <Filter>Resource Files</Filter>
    </None>
    <None Include="uf20-91.tar\uf20-0513.cnf">
      <Filter>Resource Files</Filter>
    </None>
    <None Include="uf20-91.tar\uf20-0514.cnf">
      <Filter>Resource Files</Filter>
    </None>
    <None Include="uf20-91.tar\uf20-0515.cnf">
      <Filter>Resource Files</Filter>
    </None>
    <None Include="uf20-91.tar\uf20-0516.cnf">
      <Filter>Resource Files</Filter>
    </None>
    <None Include="uf20-91.tar\uf20-0517.cnf">
      <Filter>Resource Files</Filter>
    </None>
    <None Include="uf20-91.tar\uf20-0518.cnf">
      <Filter>Resource Files</Filter>
    </None>
    <None Include="uf20-91.tar\uf20-0519.cnf">
      <Filter>Resource Files</Filter>
    </None>
    <None Include="uf20-91.tar\uf20-0520.cnf">
      <Filter>Resource Files</Filter>
    </None>
    <None Include="uf20-91.tar\uf20-0521.cnf">
      <Filter>Resource Files</Filter>
    </None>
    <None Include="uf20-91.tar\uf20-0522.cnf">
      <Filter>Resource Files</Filter>
    </None>
    <None Include="uf20-91.tar\uf20-0523.cnf">
      <Filter>Resource Files</Filter>
    </None>
    <None Include="uf20-91.tar\uf20-0524.cnf">
      <Filter>Resource Files</Filter>
    </None>
    <None Include="uf20-91.tar\uf20-0525.cnf">
      <Filter>Resource Files</Filter>
    </None>
    <None Include="uf20-91.tar\uf20-0526.cnf">
      <Filter>Resource Files</Filter>
    </None>
    <None Include="uf20-91.tar\uf20-0527.cnf">
      <Filter>Resource Files</Filter>
    </None>
    <None Include="uf20-91.tar\uf20-0528.cnf">
      <Filter>Resource Files</Filter>
    </None>
    <None Include="uf20-91.tar\uf20-0529.cnf">
      <Filter>Resource Files</Filter>
    </None>
    <None Include="uf20-91.tar\uf20-0530.cnf">
      <Filter>Resource Files</Filter>
    </None>
    <None Include="uf20-91.tar\uf20-0531.cnf">
      <Filter>Resource Files</Filter>
    </None>
    <None Include="uf20-91.tar\uf20-0532.cnf">
      <Filter>Resource Files</Filter>
    </None>
    <None Include="uf20-91.tar\uf20-0533.cnf">
      <Filter>Resource Files</Filter>
    </None>
    <None Include="uf20-91.tar\uf20-0534.cnf">
      <Filter>Resource Files</Filter>
    </None>
    <None Include="uf20-91.tar\uf20-0535.cnf">
      <Filter>Resource Files</Filter>
    </None>
    <None Include="uf20-91.tar\uf20-0536.cnf">
      <Filter>Resource Files</Filter>
    </None>
    <None Include="uf20-91.tar\uf20-0537.cnf">
      <Filter>Resource Files</Filter>
    </None>
    <None Include="uf20-91.tar\uf20-0538.cnf">
      <Filter>Resource Files</Filter>
    </None>
    <None Include="uf20-91.tar\uf20-0539.cnf">
      <Filter>Resource Files</Filter>
    </None>
    <None Include="uf20-91.tar\uf20-0540.cnf">
      <Filter>Resource Files</Filter>
    </None>
    <None Include="uf20-91.tar\uf20-0541.cnf">
      <Filter>Resource Files</Filter>
    </None>
    <None Include="uf20-91.tar\uf20-0542.cnf">
      <Filter>Resource Files</Filter>
    </None>
    <None Include="uf20-91.tar\uf20-0543.cnf">
      <Filter>Resource Files</Filter>
    </None>
    <None Include="uf20-91.tar\uf20-0544.cnf">
      <Filter>Resource Files</Filter>
    </None>
    <None Include="uf20-91.tar\uf20-0545.cnf">
      <Filter>Resource Files</Filter>
    </None>
    <None Include="uf20-91.tar\uf20-0546.cnf">
      <Filter>Resource Files</Filter>
    </None>
    <None Include="uf20-91.tar\uf20-0547.cnf">
      <Filter>Resource Files</Filter>
    </None>
    <None Include="uf20-91.tar\uf20-0548.cnf">
      <Filter>Resource Files</Filter>
    </None>
    <None Include="uf20-91.tar\uf20-0549.cnf">
      <Filter>Resource Files</Filter>
    </None>
    <None Include="uf20-91.tar\uf20-0550.cnf">
      <Filter>Resource Files</Filter>
    </None>
    <None Include="uf20-91.tar\uf20-0551.cnf">
      <Filter>Resource Files</Filter>
    </None>
    <None Include="uf20-91.tar\uf20-0552.cnf">
      <Filter>Resource Files</Filter>
    </None>
    <None Include="uf20-91.tar\uf20-0553.cnf">
      <Filter>Resource Files</Filter>
    </None>
    <None Include="uf20-91.tar\uf20-0554.cnf">
      <Filter>Resource Files</Filter>
    </None>
    <None Include="uf20-91.tar\uf20-0555.cnf">
      <Filter>Resource Files</Filter>
    </None>
    <None Include="uf20-91.tar\uf20-0556.cnf">
      <Filter>Resource Files</Filter>
    </None>
    <None Include="uf20-91.tar\uf20-0557.cnf">
      <Filter>Resource Files</Filter>
    </None>
    <None Include="uf20-91.tar\uf20-0558.cnf">
      <Filter>Resource Files</Filter>
    </None>
    <None Include="uf20-91.tar\uf20-0559.cnf">
      <Filter>Resource Files</Filter>
    </None>
    <None Include="uf20-91.tar\uf20-0560.cnf">
      <Filter>Resource Files</Filter>
    </None>
    <None Include="uf20-91.tar\uf20-0561.cnf">
      <Filter>Resource Files</Filter>
    </None>
    <None Include="uf20-91.tar\uf20-0562.cnf">
      <Filter>Resource Files</Filter>
    </None>
    <None Include="uf20-91.tar\uf20-0563.cnf">
      <Filter>Resource Files</Filter>
    </None>
    <None Include="uf20-91.tar\uf20-0564.cnf">
      <Filter>Resource Files</Filter>
    </None>
    <None Include="uf20-91.tar\uf20-0565.cnf">
      <Filter>Resource Files</Filter>
    </None>
    <None Include="uf20-91.tar\uf20-0566.cnf">
      <Filter>Resource Files</Filter>
    </None>
    <None Include="uf20-91.tar\uf20-0567.cnf">
      <Filter>Resource Files</Filter>
    </None>
    <None Include="uf20-91.tar\uf20-0568.cnf">
      <Filter>Resource Files</Filter>
    </None>
    <None Include="uf20-91.tar\uf20-0569.cnf">
      <Filter>Resource Files</Filter>
    </None>
    <None Include="uf20-91.tar\uf20-0570.cnf">
      <Filter>Resource Files</Filter>
    </None>
    <None Include="uf20-91.tar\uf20-0571.cnf">
      <Filter>Resource Files</Filter>
    </None>
    <None Include="uf20-91.tar\uf20-0572.cnf">
      <Filter>Resource Files</Filter>
    </None>
    <None Include="uf20-91.tar\uf20-0573.cnf">
      <Filter>Resource Files</Filter>
    </None>
    <None Include="uf20-91.tar\uf20-0574.cnf">
      <Filter>Resource Files</Filter>
    </None>
    <None Include="uf20-91.tar\uf20-0575.cnf">
      <Filter>Resource Files</Filter>
    </None>
    <None Include="uf20-91.tar\uf20-0576.cnf">
      <Filter>Resource Files</Filter>
    </None>
    <None Include="uf20-91.tar\uf20-0577.cnf">
      <Filter>Resource Files</Filter>
    </None>
    <None Include="uf20-91.tar\uf20-0578.cnf">
      <Filter>Resource Files</Filter>
    </None>
    <None Include="uf20-91.tar\uf20-0579.cnf">
      <Filter>Resource Files</Filter>
    </None>
    <None Include="uf20-91.tar\uf20-0580.cnf">
      <Filter>Resource Files</Filter>
    </None>
    <None Include="uf20-91.tar\uf20-0581.cnf">
      <Filter>Resource Files</Filter>
    </None>
    <None Include="uf20-91.tar\uf20-0582.cnf">
      <Filter>Resource Files</Filter>
    </None>
    <None Include="uf20-91.tar\uf20-0583.cnf">
      <Filter>Resource Files</Filter>
    </None>
    <None Include="uf20-91.tar\uf20-0584.cnf">
      <Filter>Resource Files</Filter>
    </None>
    <None Include="uf20-91.tar\uf20-0585.cnf">
      <Filter>Resource Files</Filter>
    </None>
    <None Include="uf20-91.tar\uf20-0586.cnf">
      <Filter>Resource Files</Filter>
    </None>
    <None Include="uf20-91.tar\uf20-0587.cnf">
      <Filter>Resource Files</Filter>
    </None>
    <None Include="uf20-91.tar\uf20-0588.cnf">
      <Filter>Resource Files</Filter>
    </None>
    <None Include="uf20-91.tar\uf20-0589.cnf">
      <Filter>Resource Files</Filter>
    </None>
    <None Include="uf20-91.tar\uf20-0590.cnf">
      <Filter>Resource Files</Filter>
    </None>
    <None Include="uf20-91.tar\uf20-0591.cnf">
      <Filter>Resource Files</Filter>
    </None>
    <None Include="uf20-91.tar\uf20-0592.cnf">
      <Filter>Resource Files</Filter>
    </None>
    <None Include="uf20-91.tar\uf20-0593.cnf">
      <Filter>Resource Files</Filter>
    </None>
    <None Include="uf20-91.tar\uf20-0594.cnf">
      <Filter>Resource Files</Filter>
    </None>
    <None Include="uf20-91.tar\uf20-0595.cnf">
      <Filter>Resource Files</Filter>
    </None>
    <None Include="uf20-91.tar\uf20-0596.cnf">
      <Filter>Resource Files</Filter>
    </None>
    <None Include="uf20-91.tar\uf20-0597.cnf">
      <Filter>Resource Files</Filter>
    </None>
    <None Include="uf20-91.tar\uf20-0598.cnf">
      <Filter>Resource Files</Filter>
    </None>
    <None Include="uf20-91.tar\uf20-0599.cnf">
      <Filter>Resource Files</Filter>
    </None>
    <None Include="uf20-91.tar\uf20-0600.cnf">
      <Filter>Resource Files</Filter>
    </None>
    <None Include="uf20-91.tar\uf20-0601.cnf">
      <Filter>Resource Files</Filter>
    </None>
    <None Include="uf20-91.tar\uf20-0602.cnf">
      <Filter>Resource Files</Filter>
    </None>
    <None Include="uf20-91.tar\uf20-0603.cnf">
      <Filter>Resource Files</Filter>
    </None>
    <None Include="uf20-91.tar\uf20-0604.cnf">
      <Filter>Resource Files</Filter>
    </None>
    <None Include="uf20-91.tar\uf20-0605.cnf">
      <Filter>Resource Files</Filter>
    </None>
    <None Include="uf20-91.tar\uf20-0606.cnf">
      <Filter>Resource Files</Filter>
    </None>
    <None Include="uf20-91.tar\uf20-0607.cnf">
      <Filter>Resource Files</Filter>
    </None>
    <None Include="uf20-91.tar\uf20-0608.cnf">
      <Filter>Resource Files</Filter>
    </None>
    <None Include="uf20-91.tar\uf20-0609.cnf">
      <Filter>Resource Files</Filter>
    </None>
    <None Include="uf20-91.tar\uf20-0610.cnf">
      <Filter>Resource Files</Filter>
    </None>
    <None Include="uf20-91.tar\uf20-0611.cnf">
      <Filter>Resource Files</Filter>
    </None>
    <None Include="uf20-91.tar\uf20-0612.cnf">
      <Filter>Resource Files</Filter>
    </None>
    <None Include="uf20-91.tar\uf20-0613.cnf">
      <Filter>Resource Files</Filter>
    </None>
    <None Include="uf20-91.tar\uf20-0614.cnf">
      <Filter>Resource Files</Filter>
    </None>
    <None Include="uf20-91.tar\uf20-0615.cnf">
      <Filter>Resource Files</Filter>
    </None>
    <None Include="uf20-91.tar\uf20-0616.cnf">
      <Filter>Resource Files</Filter>
    </None>
    <None Include="uf20-91.tar\uf20-0617.cnf">
      <Filter>Resource Files</Filter>
    </None>
    <None Include="uf20-91.tar\uf20-0618.cnf">
      <Filter>Resource Files</Filter>
    </None>
    <None Include="uf20-91.tar\uf20-0619.cnf">
      <Filter>Resource Files</Filter>
    </None>
    <None Include="uf20-91.tar\uf20-0620.cnf">
      <Filter>Resource Files</Filter>
    </None>
    <None Include="uf20-91.tar\uf20-0621.cnf">
      <Filter>Resource Files</Filter>
    </None>
    <None Include="uf20-91.tar\uf20-0622.cnf">
      <Filter>Resource Files</Filter>
    </None>
    <None Include="uf20-91.tar\uf20-0623.cnf">
      <Filter>Resource Files</Filter>
    </None>
    <None Include="uf20-91.tar\uf20-0624.cnf">
      <Filter>Resource Files</Filter>
    </None>
    <None Include="uf20-91.tar\uf20-0625.cnf">
      <Filter>Resource Files</Filter>
    </None>
    <None Include="uf20-91.tar\uf20-0626.cnf">
      <Filter>Resource Files</Filter>
    </None>
    <None Include="uf20-91.tar\uf20-0627.cnf">
      <Filter>Resource Files</Filter>
    </None>
    <None Include="uf20-91.tar\uf20-0628.cnf">
      <Filter>Resource Files</Filter>
    </None>
    <None Include="uf20-91.tar\uf20-0629.cnf">
      <Filter>Resource Files</Filter>
    </None>
    <None Include="uf20-91.tar\uf20-0630.cnf">
      <Filter>Resource Files</Filter>
    </None>
    <None Include="uf20-91.tar\uf20-0631.cnf">
      <Filter>Resource Files</Filter>
    </None>
    <None Include="uf20-91.tar\uf20-0632.cnf">
      <Filter>Resource Files</Filter>
    </None>
    <None Include="uf20-91.tar\uf20-0633.cnf">
      <Filter>Resource Files</Filter>
    </None>
    <None Include="uf20-91.tar\uf20-0634.cnf">
      <Filter>Resource Files</Filter>
    </None>
    <None Include="uf20-91.tar\uf20-0635.cnf">
      <Filter>Resource Files</Filter>
    </None>
    <None Include="uf20-91.tar\uf20-0636.cnf">
      <Filter>Resource Files</Filter>
    </None>
    <None Include="uf20-91.tar\uf20-0637.cnf">
      <Filter>Resource Files</Filter>
    </None>
    <None Include="uf20-91.tar\uf20-0638.cnf">
      <Filter>Resource Files</Filter>
    </None>
    <None Include="uf20-91.tar\uf20-0639.cnf">
      <Filter>Resource Files</Filter>
    </None>
    <None Include="uf20-91.tar\uf20-0640.cnf">
      <Filter>Resource Files</Filter>
    </None>
    <None Include="uf20-91.tar\uf20-0641.cnf">
      <Filter>Resource Files</Filter>
    </None>
    <None Include="uf20-91.tar\uf20-0642.cnf">
      <Filter>Resource Files</Filter>
    </None>
    <None Include="uf20-91.tar\uf20-0643.cnf">
      <Filter>Resource Files</Filter>
    </None>
    <None Include="uf20-91.tar\uf20-0644.cnf">
      <Filter>Resource Files</Filter>
    </None>
    <None Include="uf20-91.tar\uf20-0645.cnf">
      <Filter>Resource Files</Filter>
    </None>
    <None Include="uf20-91.tar\uf20-0646.cnf">
      <Filter>Resource Files</Filter>
    </None>
    <None Include="uf20-91.tar\uf20-0647.cnf">
      <Filter>Resource Files</Filter>
    </None>
    <None Include="uf20-91.tar\uf20-0648.cnf">
      <Filter>Resource Files</Filter>
    </None>
    <None Include="uf20-91.tar\uf20-0649.cnf">
      <Filter>Resource Files</Filter>
    </None>
    <None Include="uf20-91.tar\uf20-0650.cnf">
      <Filter>Resource Files</Filter>
    </None>
    <None Include="uf20-91.tar\uf20-0651.cnf">
      <Filter>Resource Files</Filter>
    </None>
    <None Include="uf20-91.tar\uf20-0652.cnf">
      <Filter>Resource Files</Filter>
    </None>
    <None Include="uf20-91.tar\uf20-0653.cnf">
      <Filter>Resource Files</Filter>
    </None>
    <None Include="uf20-91.tar\uf20-0654.cnf">
      <Filter>Resource Files</Filter>
    </None>
    <None Include="uf20-91.tar\uf20-0655.cnf">
      <Filter>Resource Files</Filter>
    </None>
    <None Include="uf20-91.tar\uf20-0656.cnf">
      <Filter>Resource Files</Filter>
    </None>
    <None Include="uf20-91.tar\uf20-0657.cnf">
      <Filter>Resource Files</Filter>
    </None>
    <None Include="uf20-91.tar\uf20-0658.cnf">
      <Filter>Resource Files</Filter>
    </None>
    <None Include="uf20-91.tar\uf20-0659.cnf">
      <Filter>Resource Files</Filter>
    </None>
    <None Include="uf20-91.tar\uf20-0660.cnf">
      <Filter>Resource Files</Filter>
    </None>
    <None Include="uf20-91.tar\uf20-0661.cnf">
      <Filter>Resource Files</Filter>
    </None>
    <None Include="uf20-91.tar\uf20-0662.cnf">
      <Filter>Resource Files</Filter>
    </None>
    <None Include="uf20-91.tar\uf20-0663.cnf">
      <Filter>Resource Files</Filter>
    </None>
    <None Include="uf20-91.tar\uf20-0664.cnf">
      <Filter>Resource Files</Filter>
    </None>
    <None Include="uf20-91.tar\uf20-0665.cnf">
      <Filter>Resource Files</Filter>
    </None>
    <None Include="uf20-91.tar\uf20-0666.cnf">
      <Filter>Resource Files</Filter>
    </None>
    <None Include="uf20-91.tar\uf20-0667.cnf">
      <Filter>Resource Files</Filter>
    </None>
    <None Include="uf20-91.tar\uf20-0668.cnf">
      <Filter>Resource Files</Filter>
    </None>
    <None Include="uf20-91.tar\uf20-0669.cnf">
      <Filter>Resource Files</Filter>
    </None>
    <None Include="uf20-91.tar\uf20-0670.cnf">
      <Filter>Resource Files</Filter>
    </None>
    <None Include="uf20-91.tar\uf20-0671.cnf">
      <Filter>Resource Files</Filter>
    </None>
    <None Include="uf20-91.tar\uf20-0672.cnf">
      <Filter>Resource Files</Filter>
    </None>
    <None Include="uf20-91.tar\uf20-0673.cnf">
      <Filter>Resource Files</Filter>
    </None>
    <None Include="uf20-91.tar\uf20-0674.cnf">
      <Filter>Resource Files</Filter>
    </None>
    <None Include="uf20-91.tar\uf20-0675.cnf">
      <Filter>Resource Files</Filter>
    </None>
    <None Include="uf20-91.tar\uf20-0676.cnf">
      <Filter>Resource Files</Filter>
    </None>
    <None Include="uf20-91.tar\uf20-0677.cnf">
      <Filter>Resource Files</Filter>
    </None>
    <None Include="uf20-91.tar\uf20-0678.cnf">
      <Filter>Resource Files</Filter>
    </None>
    <None Include="uf20-91.tar\uf20-0679.cnf">
      <Filter>Resource Files</Filter>
    </None>
    <None Include="uf20-91.tar\uf20-0680.cnf">
      <Filter>Resource Files</Filter>
    </None>
    <None Include="uf20-91.tar\uf20-0681.cnf">
      <Filter>Resource Files</Filter>
    </None>
    <None Include="uf20-91.tar\uf20-0682.cnf">
      <Filter>Resource Files</Filter>
    </None>
    <None Include="uf20-91.tar\uf20-0683.cnf">
      <Filter>Resource Files</Filter>
    </None>
    <None Include="uf20-91.tar\uf20-0684.cnf">
      <Filter>Resource Files</Filter>
    </None>
    <None Include="uf20-91.tar\uf20-0685.cnf">
      <Filter>Resource Files</Filter>
    </None>
    <None Include="uf20-91.tar\uf20-0686.cnf">
      <Filter>Resource Files</Filter>
    </None>
    <None Include="uf20-91.tar\uf20-0687.cnf">
      <Filter>Resource Files</Filter>
    </None>
    <None Include="uf20-91.tar\uf20-0688.cnf">
      <Filter>Resource Files</Filter>
    </None>
    <None Include="uf20-91.tar\uf20-0689.cnf">
      <Filter>Resource Files</Filter>
    </None>
    <None Include="uf20-91.tar\uf20-0690.cnf">
      <Filter>Resource Files</Filter>
    </None>
    <None Include="uf20-91.tar\uf20-0691.cnf">
      <Filter>Resource Files</Filter>
    </None>
    <None Include="uf20-91.tar\uf20-0692.cnf">
      <Filter>Resource Files</Filter>
    </None>
    <None Include="uf20-91.tar\uf20-0693.cnf">
      <Filter>Resource Files</Filter>
    </None>
    <None Include="uf20-91.tar\uf20-0694.cnf">
      <Filter>Resource Files</Filter>
    </None>
    <None Include="uf20-91.tar\uf20-0695.cnf">
      <Filter>Resource Files</Filter>
    </None>
    <None Include="uf20-91.tar\uf20-0696.cnf">
      <Filter>Resource Files</Filter>
    </None>
    <None Include="uf20-91.tar\uf20-0697.cnf">
      <Filter>Resource Files</Filter>
    </None>
    <None Include="uf20-91.tar\uf20-0698.cnf">
      <Filter>Resource Files</Filter>
    </None>
    <None Include="uf20-91.tar\uf20-0699.cnf">
      <Filter>Resource Files</Filter>
    </None>
    <None Include="uf20-91.tar\uf20-0700.cnf">
      <Filter>Resource Files</Filter>
    </None>
    <None Include="uf20-91.tar\uf20-0701.cnf">
      <Filter>Resource Files</Filter>
    </None>
    <None Include="uf20-91.tar\uf20-0702.cnf">
      <Filter>Resource Files</Filter>
    </None>
    <None Include="uf20-91.tar\uf20-0703.cnf">
      <Filter>Resource Files</Filter>
    </None>
    <None Include="uf20-91.tar\uf20-0704.cnf">
      <Filter>Resource Files</Filter>
    </None>
    <None Include="uf20-91.tar\uf20-0705.cnf">
      <Filter>Resource Files</Filter>
    </None>
    <None Include="uf20-91.tar\uf20-0706.cnf">
      <Filter>Resource Files</Filter>
    </None>
    <None Include="uf20-91.tar\uf20-0707.cnf">
      <Filter>Resource Files</Filter>
    </None>
    <None Include="uf20-91.tar\uf20-0708.cnf">
      <Filter>Resource Files</Filter>
    </None>
    <None Include="uf20-91.tar\uf20-0709.cnf">
      <Filter>Resource Files</Filter>
    </None>
    <None Include="uf20-91.tar\uf20-0710.cnf">
      <Filter>Resource Files</Filter>
    </None>
    <None Include="uf20-91.tar\uf20-0711.cnf">
      <Filter>Resource Files</Filter>
    </None>
    <None Include="uf20-91.tar\uf20-0712.cnf">
      <Filter>Resource Files</Filter>
    </None>
    <None Include="uf20-91.tar\uf20-0713.cnf">
      <Filter>Resource Files</Filter>
    </None>
    <None Include="uf20-91.tar\uf20-0714.cnf">
      <Filter>Resource Files</Filter>
    </None>
    <None Include="uf20-91.tar\uf20-0715.cnf">
      <Filter>Resource Files</Filter>
    </None>
    <None Include="uf20-91.tar\uf20-0716.cnf">
      <Filter>Resource Files</Filter>
    </None>
    <None Include="uf20-91.tar\uf20-0717.cnf">
      <Filter>Resource Files</Filter>
    </None>
    <None Include="uf20-91.tar\uf20-0718.cnf">
      <Filter>Resource Files</Filter>
    </None>
    <None Include="uf20-91.tar\uf20-0719.cnf">
      <Filter>Resource Files</Filter>
    </None>
    <None Include="uf20-91.tar\uf20-0720.cnf">
      <Filter>Resource Files</Filter>
    </None>
    <None Include="uf20-91.tar\uf20-0721.cnf">
      <Filter>Resource Files</Filter>
    </None>
    <None Include="uf20-91.tar\uf20-0722.cnf">
      <Filter>Resource Files</Filter>
    </None>
    <None Include="uf20-91.tar\uf20-0723.cnf">
      <Filter>Resource Files</Filter>
    </None>
    <None Include="uf20-91.tar\uf20-0724.cnf">
      <Filter>Resource Files</Filter>
    </None>
    <None Include="uf20-91.tar\uf20-0725.cnf">
      <Filter>Resource Files</Filter>
    </None>
    <None Include="uf20-91.tar\uf20-0726.cnf">
      <Filter>Resource Files</Filter>
    </None>
    <None Include="uf20-91.tar\uf20-0727.cnf">
      <Filter>Resource Files</Filter>
    </None>
    <None Include="uf20-91.tar\uf20-0728.cnf">
      <Filter>Resource Files</Filter>
    </None>
    <None Include="uf20-91.tar\uf20-0729.cnf">
      <Filter>Resource Files</Filter>
    </None>
    <None Include="uf20-91.tar\uf20-0730.cnf">
      <Filter>Resource Files</Filter>
    </None>
    <None Include="uf20-91.tar\uf20-0731.cnf">
      <Filter>Resource Files</Filter>
    </None>
    <None Include="uf20-91.tar\uf20-0732.cnf">
      <Filter>Resource Files</Filter>
    </None>
    <None Include="uf20-91.tar\uf20-0733.cnf">
      <Filter>Resource Files</Filter>
    </None>
    <None Include="uf20-91.tar\uf20-0734.cnf">
      <Filter>Resource Files</Filter>
    </None>
    <None Include="uf20-91.tar\uf20-0735.cnf">
      <Filter>Resource Files</Filter>
    </None>
    <None Include="uf20-91.tar\uf20-0736.cnf">
      <Filter>Resource Files</Filter>
    </None>
    <None Include="uf20-91.tar\uf20-0737.cnf">
      <Filter>Resource Files</Filter>
    </None>
    <None Include="uf20-91.tar\uf20-0738.cnf">
      <Filter>Resource Files</Filter>
    </None>
    <None Include="uf20-91.tar\uf20-0739.cnf">
      <Filter>Resource Files</Filter>
    </None>
    <None Include="uf20-91.tar\uf20-0740.cnf">
      <Filter>Resource Files</Filter>
    </None>
    <None Include="uf20-91.tar\uf20-0741.cnf">
      <Filter>Resource Files</Filter>
    </None>
    <None Include="uf20-91.tar\uf20-0742.cnf">
      <Filter>Resource Files</Filter>
    </None>
    <None Include="uf20-91.tar\uf20-0743.cnf">
      <Filter>Resource Files</Filter>
    </None>
    <None Include="uf20-91.tar\uf20-0744.cnf">
      <Filter>Resource Files</Filter>
    </None>
    <None Include="uf20-91.tar\uf20-0745.cnf">
      <Filter>Resource Files</Filter>
    </None>
    <None Include="uf20-91.tar\uf20-0746.cnf">
      <Filter>Resource Files</Filter>
    </None>
    <None Include="uf20-91.tar\uf20-0747.cnf">
      <Filter>Resource Files</Filter>
    </None>
    <None Include="uf20-91.tar\uf20-0748.cnf">
      <Filter>Resource Files</Filter>
    </None>
    <None Include="uf20-91.tar\uf20-0749.cnf">
      <Filter>Resource Files</Filter>
    </None>
    <None Include="uf20-91.tar\uf20-0750.cnf">
      <Filter>Resource Files</Filter>
    </None>
    <None Include="uf20-91.tar\uf20-0751.cnf">
      <Filter>Resource Files</Filter>
    </None>
    <None Include="uf20-91.tar\uf20-0752.cnf">
      <Filter>Resource Files</Filter>
    </None>
    <None Include="uf20-91.tar\uf20-0753.cnf">
      <Filter>Resource Files</Filter>
    </None>
    <None Include="uf20-91.tar\uf20-0754.cnf">
      <Filter>Resource Files</Filter>
    </None>
    <None Include="uf20-91.tar\uf20-0755.cnf">
      <Filter>Resource Files</Filter>
    </None>
    <None Include="uf20-91.tar\uf20-0756.cnf">
      <Filter>Resource Files</Filter>
    </None>
    <None Include="uf20-91.tar\uf20-0757.cnf">
      <Filter>Resource Files</Filter>
    </None>
    <None Include="uf20-91.tar\uf20-0758.cnf">
      <Filter>Resource Files</Filter>
    </None>
    <None Include="uf20-91.tar\uf20-0759.cnf">
      <Filter>Resource Files</Filter>
    </None>
    <None Include="uf20-91.tar\uf20-0760.cnf">
      <Filter>Resource Files</Filter>
    </None>
    <None Include="uf20-91.tar\uf20-0761.cnf">
      <Filter>Resource Files</Filter>
    </None>
    <None Include="uf20-91.tar\uf20-0762.cnf">
      <Filter>Resource Files</Filter>
    </None>
    <None Include="uf20-91.tar\uf20-0763.cnf">
      <Filter>Resource Files</Filter>
    </None>
    <None Include="uf20-91.tar\uf20-0764.cnf">
      <Filter>Resource Files</Filter>
    </None>
    <None Include="uf20-91.tar\uf20-0765.cnf">
      <Filter>Resource Files</Filter>
    </None>
    <None Include="uf20-91.tar\uf20-0766.cnf">
      <Filter>Resource Files</Filter>
    </None>
    <None Include="uf20-91.tar\uf20-0767.cnf">
      <Filter>Resource Files</Filter>
    </None>
    <None Include="uf20-91.tar\uf20-0768.cnf">
      <Filter>Resource Files</Filter>
    </None>
    <None Include="uf20-91.tar\uf20-0769.cnf">
      <Filter>Resource Files</Filter>
    </None>
    <None Include="uf20-91.tar\uf20-0770.cnf">
      <Filter>Resource Files</Filter>
    </None>
    <None Include="uf20-91.tar\uf20-0771.cnf">
      <Filter>Resource Files</Filter>
    </None>
    <None Include="uf20-91.tar\uf20-0772.cnf">
      <Filter>Resource Files</Filter>
    </None>
    <None Include="uf20-91.tar\uf20-0773.cnf">
      <Filter>Resource Files</Filter>
    </None>
    <None Include="uf20-91.tar\uf20-0774.cnf">
      <Filter>Resource Files</Filter>
    </None>
    <None Include="uf20-91.tar\uf20-0775.cnf">
      <Filter>Resource Files</Filter>
    </None>
    <None Include="uf20-91.tar\uf20-0776.cnf">
      <Filter>Resource Files</Filter>
    </None>
    <None Include="uf20-91.tar\uf20-0777.cnf">
      <Filter>Resource Files</Filter>
    </None>
    <None Include="uf20-91.tar\uf20-0778.cnf">
      <Filter>Resource Files</Filter>
    </None>
    <None Include="uf20-91.tar\uf20-0779.cnf">
      <Filter>Resource Files</Filter>
    </None>
    <None Include="uf20-91.tar\uf20-0780.cnf">
      <Filter>Resource Files</Filter>
    </None>
    <None Include="uf20-91.tar\uf20-0781.cnf">
      <Filter>Resource Files</Filter>
    </None>
    <None Include="uf20-91.tar\uf20-0782.cnf">
      <Filter>Resource Files</Filter>
    </None>
    <None Include="uf20-91.tar\uf20-0783.cnf">
      <Filter>Resource Files</Filter>
    </None>
    <None Include="uf20-91.tar\uf20-0784.cnf">
      <Filter>Resource Files</Filter>
    </None>
    <None Include="uf20-91.tar\uf20-0785.cnf">
      <Filter>Resource Files</Filter>
    </None>
    <None Include="uf20-91.tar\uf20-0786.cnf">
      <Filter>Resource Files</Filter>
    </None>
    <None Include="uf20-91.tar\uf20-0787.cnf">
      <Filter>Resource Files</Filter>
    </None>
    <None Include="uf20-91.tar\uf20-0788.cnf">
      <Filter>Resource Files</Filter>
    </None>
    <None Include="uf20-91.tar\uf20-0789.cnf">
      <Filter>Resource Files</Filter>
    </None>
    <None Include="uf20-91.tar\uf20-0790.cnf">
      <Filter>Resource Files</Filter>
    </None>
    <None Include="uf20-91.tar\uf20-0791.cnf">
      <Filter>Resource Files</Filter>
    </None>
    <None Include="uf20-91.tar\uf20-0792.cnf">
      <Filter>Resource Files</Filter>
    </None>
    <None Include="uf20-91.tar\uf20-0793.cnf">
      <Filter>Resource Files</Filter>
    </None>
    <None Include="uf20-91.tar\uf20-0794.cnf">
      <Filter>Resource Files</Filter>
    </None>
    <None Include="uf20-91.tar\uf20-0795.cnf">
      <Filter>Resource Files</Filter>
    </None>
    <None Include="uf20-91.tar\uf20-0796.cnf">
      <Filter>Resource Files</Filter>
    </None>
    <None Include="uf20-91.tar\uf20-0797.cnf">
      <Filter>Resource Files</Filter>
    </None>
    <None Include="uf20-91.tar\uf20-0798.cnf">
      <Filter>Resource Files</Filter>
    </None>
    <None Include="uf20-91.tar\uf20-0799.cnf">
      <Filter>Resource Files</Filter>
    </None>
    <None Include="uf20-91.tar\uf20-0800.cnf">
      <Filter>Resource Files</Filter>
    </None>
    <None Include="uf20-91.tar\uf20-0801.cnf">
      <Filter>Resource Files</Filter>
    </None>
    <None Include="uf20-91.tar\uf20-0802.cnf">
      <Filter>Resource Files</Filter>
    </None>
    <None Include="uf20-91.tar\uf20-0803.cnf">
      <Filter>Resource Files</Filter>
    </None>
    <None Include="uf20-91.tar\uf20-0804.cnf">
      <Filter>Resource Files</Filter>
    </None>
    <None Include="uf20-91.tar\uf20-0805.cnf">
      <Filter>Resource Files</Filter>
    </None>
    <None Include="uf20-91.tar\uf20-0806.cnf">
      <Filter>Resource Files</Filter>
    </None>
    <None Include="uf20-91.tar\uf20-0807.cnf">
      <Filter>Resource Files</Filter>
    </None>
    <None Include="uf20-91.tar\uf20-0808.cnf">
      <Filter>Resource Files</Filter>
    </None>
    <None Include="uf20-91.tar\uf20-0809.cnf">
      <Filter>Resource Files</Filter>
    </None>
    <None Include="uf20-91.tar\uf20-0810.cnf">
      <Filter>Resource Files</Filter>
    </None>
    <None Include="uf20-91.tar\uf20-0811.cnf">
      <Filter>Resource Files</Filter>
    </None>
    <None Include="uf20-91.tar\uf20-0812.cnf">
      <Filter>Resource Files</Filter>
    </None>
    <None Include="uf20-91.tar\uf20-0813.cnf">
      <Filter>Resource Files</Filter>
    </None>
    <None Include="uf20-91.tar\uf20-0814.cnf">
      <Filter>Resource Files</Filter>
    </None>
    <None Include="uf20-91.tar\uf20-0815.cnf">
      <Filter>Resource Files</Filter>
    </None>
    <None Include="uf20-91.tar\uf20-0816.cnf">
      <Filter>Resource Files</Filter>
    </None>
    <None Include="uf20-91.tar\uf20-0817.cnf">
      <Filter>Resource Files</Filter>
    </None>
    <None Include="uf20-91.tar\uf20-0818.cnf">
      <Filter>Resource Files</Filter>
    </None>
    <None Include="uf20-91.tar\uf20-0819.cnf">
      <Filter>Resource Files</Filter>
    </None>
    <None Include="uf20-91.tar\uf20-0820.cnf">
      <Filter>Resource Files</Filter>
    </None>
    <None Include="uf20-91.tar\uf20-0821.cnf">
      <Filter>Resource Files</Filter>
    </None>
    <None Include="uf20-91.tar\uf20-0822.cnf">
      <Filter>Resource Files</Filter>
    </None>
    <None Include="uf20-91.tar\uf20-0823.cnf">
      <Filter>Resource Files</Filter>
    </None>
    <None Include="uf20-91.tar\uf20-0824.cnf">
      <Filter>Resource Files</Filter>
    </None>
    <None Include="uf20-91.tar\uf20-0825.cnf">
      <Filter>Resource Files</Filter>
    </None>
    <None Include="uf20-91.tar\uf20-0826.cnf">
      <Filter>Resource Files</Filter>
    </None>
    <None Include="uf20-91.tar\uf20-0827.cnf">
      <Filter>Resource Files</Filter>
    </None>
    <None Include="uf20-91.tar\uf20-0828.cnf">
      <Filter>Resource Files</Filter>
    </None>
    <None Include="uf20-91.tar\uf20-0829.cnf">
      <Filter>Resource Files</Filter>
    </None>
    <None Include="uf20-91.tar\uf20-0830.cnf">
      <Filter>Resource Files</Filter>
    </None>
    <None Include="uf20-91.tar\uf20-0831.cnf">
      <Filter>Resource Files</Filter>
    </None>
    <None Include="uf20-91.tar\uf20-0832.cnf">
      <Filter>Resource Files</Filter>
    </None>
    <None Include="uf20-91.tar\uf20-0833.cnf">
      <Filter>Resource Files</Filter>
    </None>
    <None Include="uf20-91.tar\uf20-0834.cnf">
      <Filter>Resource Files</Filter>
    </None>
    <None Include="uf20-91.tar\uf20-0835.cnf">
      <Filter>Resource Files</Filter>
    </None>
    <None Include="uf20-91.tar\uf20-0836.cnf">
      <Filter>Resource Files</Filter>
    </None>
    <None Include="uf20-91.tar\uf20-0837.cnf">
      <Filter>Resource Files</Filter>
    </None>
    <None Include="uf20-91.tar\uf20-0838.cnf">
      <Filter>Resource Files</Filter>
    </None>
    <None Include="uf20-91.tar\uf20-0839.cnf">
      <Filter>Resource Files</Filter>
    </None>
    <None Include="uf20-91.tar\uf20-0840.cnf">
      <Filter>Resource Files</Filter>
    </None>
    <None Include="uf20-91.tar\uf20-0841.cnf">
      <Filter>Resource Files</Filter>
    </None>
    <None Include="uf20-91.tar\uf20-0842.cnf">
      <Filter>Resource Files</Filter>
    </None>
    <None Include="uf20-91.tar\uf20-0843.cnf">
      <Filter>Resource Files</Filter>
    </None>
    <None Include="uf20-91.tar\uf20-0844.cnf">
      <Filter>Resource Files</Filter>
    </None>
    <None Include="uf20-91.tar\uf20-0845.cnf">
      <Filter>Resource Files</Filter>
    </None>
    <None Include="uf20-91.tar\uf20-0846.cnf">
      <Filter>Resource Files</Filter>
    </None>
    <None Include="uf20-91.tar\uf20-0847.cnf">
      <Filter>Resource Files</Filter>
    </None>
    <None Include="uf20-91.tar\uf20-0848.cnf">
      <Filter>Resource Files</Filter>
    </None>
    <None Include="uf20-91.tar\uf20-0849.cnf">
      <Filter>Resource Files</Filter>
    </None>
    <None Include="uf20-91.tar\uf20-0850.cnf">
      <Filter>Resource Files</Filter>
    </None>
    <None Include="uf20-91.tar\uf20-0851.cnf">
      <Filter>Resource Files</Filter>
    </None>
    <None Include="uf20-91.tar\uf20-0852.cnf">
      <Filter>Resource Files</Filter>
    </None>
    <None Include="uf20-91.tar\uf20-0853.cnf">
      <Filter>Resource Files</Filter>
    </None>
    <None Include="uf20-91.tar\uf20-0854.cnf">
      <Filter>Resource Files</Filter>
    </None>
    <None Include="uf20-91.tar\uf20-0855.cnf">
      <Filter>Resource Files</Filter>
    </None>
    <None Include="uf20-91.tar\uf20-0856.cnf">
      <Filter>Resource Files</Filter>
    </None>
    <None Include="uf20-91.tar\uf20-0857.cnf">
      <Filter>Resource Files</Filter>
    </None>
    <None Include="uf20-91.tar\uf20-0858.cnf">
      <Filter>Resource Files</Filter>
    </None>
    <None Include="uf20-91.tar\uf20-0859.cnf">
      <Filter>Resource Files</Filter>
    </None>
    <None Include="uf20-91.tar\uf20-0860.cnf">
      <Filter>Resource Files</Filter>
    </None>
    <None Include="uf20-91.tar\uf20-0861.cnf">
      <Filter>Resource Files</Filter>
    </None>
    <None Include="uf20-91.tar\uf20-0862.cnf">
      <Filter>Resource Files</Filter>
    </None>
    <None Include="uf20-91.tar\uf20-0863.cnf">
      <Filter>Resource Files</Filter>
    </None>
    <None Include="uf20-91.tar\uf20-0864.cnf">
      <Filter>Resource Files</Filter>
    </None>
    <None Include="uf20-91.tar\uf20-0865.cnf">
      <Filter>Resource Files</Filter>
    </None>
    <None Include="uf20-91.tar\uf20-0866.cnf">
      <Filter>Resource Files</Filter>
    </None>
    <None Include="uf20-91.tar\uf20-0867.cnf">
      <Filter>Resource Files</Filter>
    </None>
    <None Include="uf20-91.tar\uf20-0868.cnf">
      <Filter>Resource Files</Filter>
    </None>
    <None Include="uf20-91.tar\uf20-0869.cnf">
      <Filter>Resource Files</Filter>
    </None>
    <None Include="uf20-91.tar\uf20-0870.cnf">
      <Filter>Resource Files</Filter>
    </None>
    <None Include="uf20-91.tar\uf20-0871.cnf">
      <Filter>Resource Files</Filter>
    </None>
    <None Include="uf20-91.tar\uf20-0872.cnf">
      <Filter>Resource Files</Filter>
    </None>
    <None Include="uf20-91.tar\uf20-0873.cnf">
      <Filter>Resource Files</Filter>
    </None>
    <None Include="uf20-91.tar\uf20-0874.cnf">
      <Filter>Resource Files</Filter>
    </None>
    <None Include="uf20-91.tar\uf20-0875.cnf">
      <Filter>Resource Files</Filter>
    </None>
    <None Include="uf20-91.tar\uf20-0876.cnf">
      <Filter>Resource Files</Filter>
    </None>
    <None Include="uf20-91.tar\uf20-0877.cnf">
      <Filter>Resource Files</Filter>
    </None>
    <None Include="uf20-91.tar\uf20-0878.cnf">
      <Filter>Resource Files</Filter>
    </None>
    <None Include="uf20-91.tar\uf20-0879.cnf">
      <Filter>Resource Files</Filter>
    </None>
    <None Include="uf20-91.tar\uf20-0880.cnf">
      <Filter>Resource Files</Filter>
    </None>
    <None Include="uf20-91.tar\uf20-0881.cnf">
      <Filter>Resource Files</Filter>
    </None>
    <None Include="uf20-91.tar\uf20-0882.cnf">
      <Filter>Resource Files</Filter>
    </None>
    <None Include="uf20-91.tar\uf20-0883.cnf">
      <Filter>Resource Files</Filter>
    </None>
    <None Include="uf20-91.tar\uf20-0884.cnf">
      <Filter>Resource Files</Filter>
    </None>
    <None Include="uf20-91.tar\uf20-0885.cnf">
      <Filter>Resource Files</Filter>
    </None>
    <None Include="uf20-91.tar\uf20-0886.cnf">
      <Filter>Resource Files</Filter>
    </None>
    <None Include="uf20-91.tar\uf20-0887.cnf">
      <Filter>Resource Files</Filter>
    </None>
    <None Include="uf20-91.tar\uf20-0888.cnf">
      <Filter>Resource Files</Filter>
    </None>
    <None Include="uf20-91.tar\uf20-0889.cnf">
      <Filter>Resource Files</Filter>
    </None>
    <None Include="uf20-91.tar\uf20-0890.cnf">
      <Filter>Resource Files</Filter>
    </None>
    <None Include="uf20-91.tar\uf20-0891.cnf">
      <Filter>Resource Files</Filter>
    </None>
    <None Include="uf20-91.tar\uf20-0892.cnf">
      <Filter>Resource Files</Filter>
    </None>
    <None Include="uf20-91.tar\uf20-0893.cnf">
      <Filter>Resource Files</Filter>
    </None>
    <None Include="uf20-91.tar\uf20-0894.cnf">
      <Filter>Resource Files</Filter>
    </None>
    <None Include="uf20-91.tar\uf20-0895.cnf">
      <Filter>Resource Files</Filter>
    </None>
    <None Include="uf20-91.tar\uf20-0896.cnf">
      <Filter>Resource Files</Filter>
    </None>
    <None Include="uf20-91.tar\uf20-0897.cnf">
      <Filter>Resource Files</Filter>
    </None>
    <None Include="uf20-91.tar\uf20-0898.cnf">
      <Filter>Resource Files</Filter>
    </None>
    <None Include="uf20-91.tar\uf20-0899.cnf">
      <Filter>Resource Files</Filter>
    </None>
    <None Include="uf20-91.tar\uf20-0900.cnf">
      <Filter>Resource Files</Filter>
    </None>
    <None Include="uf20-91.tar\uf20-0901.cnf">
      <Filter>Resource Files</Filter>
    </None>
    <None Include="uf20-91.tar\uf20-0902.cnf">
      <Filter>Resource Files</Filter>
    </None>
    <None Include="uf20-91.tar\uf20-0903.cnf">
      <Filter>Resource Files</Filter>
    </None>
    <None Include="uf20-91.tar\uf20-0904.cnf">
      <Filter>Resource Files</Filter>
    </None>
    <None Include="uf20-91.tar\uf20-0905.cnf">
      <Filter>Resource Files</Filter>
    </None>
    <None Include="uf20-91.tar\uf20-0906.cnf">
      <Filter>Resource Files</Filter>
    </None>
    <None Include="uf20-91.tar\uf20-0907.cnf">
      <Filter>Resource Files</Filter>
    </None>
    <None Include="uf20-91.tar\uf20-0908.cnf">
      <Filter>Resource Files</Filter>
    </None>
    <None Include="uf20-91.tar\uf20-0909.cnf">
      <Filter>Resource Files</Filter>
    </None>
    <None Include="uf20-91.tar\uf20-0910.cnf">
      <Filter>Resource Files</Filter>
    </None>
    <None Include="uf20-91.tar\uf20-0911.cnf">
      <Filter>Resource Files</Filter>
    </None>
    <None Include="uf20-91.tar\uf20-0912.cnf">
      <Filter>Resource Files</Filter>
    </None>
    <None Include="uf20-91.tar\uf20-0913.cnf">
      <Filter>Resource Files</Filter>
    </None>
    <None Include="uf20-91.tar\uf20-0914.cnf">
      <Filter>Resource Files</Filter>
    </None>
    <None Include="uf20-91.tar\uf20-0915.cnf">
      <Filter>Resource Files</Filter>
    </None>
    <None Include="uf20-91.tar\uf20-0916.cnf">
      <Filter>Resource Files</Filter>
    </None>
    <None Include="uf20-91.tar\uf20-0917.cnf">
      <Filter>Resource Files</Filter>
    </None>
    <None Include="uf20-91.tar\uf20-0918.cnf">
      <Filter>Resource Files</Filter>
    </None>
    <None Include="uf20-91.tar\uf20-0919.cnf">
      <Filter>Resource Files</Filter>
    </None>
    <None Include="uf20-91.tar\uf20-0920.cnf">
      <Filter>Resource Files</Filter>
    </None>
    <None Include="uf20-91.tar\uf20-0921.cnf">
      <Filter>Resource Files</Filter>
    </None>
    <None Include="uf20-91.tar\uf20-0922.cnf">
      <Filter>Resource Files</Filter>
    </None>
    <None Include="uf20-91.tar\uf20-0923.cnf">
      <Filter>Resource Files</Filter>
    </None>
    <None Include="uf20-91.tar\uf20-0924.cnf">
      <Filter>Resource Files</Filter>
    </None>
    <None Include="uf20-91.tar\uf20-0925.cnf">
      <Filter>Resource Files</Filter>
    </None>
    <None Include="uf20-91.tar\uf20-0926.cnf">
      <Filter>Resource Files</Filter>
    </None>
    <None Include="uf20-91.tar\uf20-0927.cnf">
      <Filter>Resource Files</Filter>
    </None>
    <None Include="uf20-91.tar\uf20-0928.cnf">
      <Filter>Resource Files</Filter>
    </None>
    <None Include="uf20-91.tar\uf20-0929.cnf">
      <Filter>Resource Files</Filter>
    </None>
    <None Include="uf20-91.tar\uf20-0930.cnf">
      <Filter>Resource Files</Filter>
    </None>
    <None Include="uf20-91.tar\uf20-0931.cnf">
      <Filter>Resource Files</Filter>
    </None>
    <None Include="uf20-91.tar\uf20-0932.cnf">
      <Filter>Resource Files</Filter>
    </None>
    <None Include="uf20-91.tar\uf20-0933.cnf">
      <Filter>Resource Files</Filter>
    </None>
    <None Include="uf20-91.tar\uf20-0934.cnf">
      <Filter>Resource Files</Filter>
    </None>
    <None Include="uf20-91.tar\uf20-0935.cnf">
      <Filter>Resource Files</Filter>
    </None>
    <None Include="uf20-91.tar\uf20-0936.cnf">
      <Filter>Resource Files</Filter>
    </None>
    <None Include="uf20-91.tar\uf20-0937.cnf">
      <Filter>Resource Files</Filter>
    </None>
    <None Include="uf20-91.tar\uf20-0938.cnf">
      <Filter>Resource Files</Filter>
    </None>
    <None Include="uf20-91.tar\uf20-0939.cnf">
      <Filter>Resource Files</Filter>
    </None>
    <None Include="uf20-91.tar\uf20-0940.cnf">
      <Filter>Resource Files</Filter>
    </None>
    <None Include="uf20-91.tar\uf20-0941.cnf">
      <Filter>Resource Files</Filter>
    </None>
    <None Include="uf20-91.tar\uf20-0942.cnf">
      <Filter>Resource Files</Filter>
    </None>
    <None Include="uf20-91.tar\uf20-0943.cnf">
      <Filter>Resource Files</Filter>
    </None>
    <None Include="uf20-91.tar\uf20-0944.cnf">
      <Filter>Resource Files</Filter>
    </None>
    <None Include="uf20-91.tar\uf20-0945.cnf">
      <Filter>Resource Files</Filter>
    </None>
    <None Include="uf20-91.tar\uf20-0946.cnf">
      <Filter>Resource Files</Filter>
    </None>
    <None Include="uf20-91.tar\uf20-0947.cnf">
      <Filter>Resource Files</Filter>
    </None>
    <None Include="uf20-91.tar\uf20-0948.cnf">
      <Filter>Resource Files</Filter>
    </None>
    <None Include="uf20-91.tar\uf20-0949.cnf">
      <Filter>Resource Files</Filter>
    </None>
    <None Include="uf20-91.tar\uf20-0950.cnf">
      <Filter>Resource Files</Filter>
    </None>
    <None Include="uf20-91.tar\uf20-0951.cnf">
      <Filter>Resource Files</Filter>
    </None>
    <None Include="uf20-91.tar\uf20-0952.cnf">
      <Filter>Resource Files</Filter>
    </None>
    <None Include="uf20-91.tar\uf20-0953.cnf">
      <Filter>Resource Files</Filter>
    </None>
    <None Include="uf20-91.tar\uf20-0954.cnf">
      <Filter>Resource Files</Filter>
    </None>
    <None Include="uf20-91.tar\uf20-0955.cnf">
      <Filter>Resource Files</Filter>
    </None>
    <None Include="uf20-91.tar\uf20-0956.cnf">
      <Filter>Resource Files</Filter>
    </None>
    <None Include="uf20-91.tar\uf20-0957.cnf">
      <Filter>Resource Files</Filter>
    </None>
    <None Include="uf20-91.tar\uf20-0958.cnf">
      <Filter>Resource Files</Filter>
    </None>
    <None Include="uf20-91.tar\uf20-0959.cnf">
      <Filter>Resource Files</Filter>
    </None>
    <None Include="uf20-91.tar\uf20-0960.cnf">
      <Filter>Resource Files</Filter>
    </None>
    <None Include="uf20-91.tar\uf20-0961.cnf">
      <Filter>Resource Files</Filter>
    </None>
    <None Include="uf20-91.tar\uf20-0962.cnf">
      <Filter>Resource Files</Filter>
    </None>
    <None Include="uf20-91.tar\uf20-0963.cnf">
      <Filter>Resource Files</Filter>
    </None>
    <None Include="uf20-91.tar\uf20-0964.cnf">
      <Filter>Resource Files</Filter>
    </None>
    <None Include="uf20-91.tar\uf20-0965.cnf">
      <Filter>Resource Files</Filter>
    </None>
    <None Include="uf20-91.tar\uf20-0966.cnf">
      <Filter>Resource Files</Filter>
    </None>
    <None Include="uf20-91.tar\uf20-0967.cnf">
      <Filter>Resource Files</Filter>
    </None>
    <None Include="uf20-91.tar\uf20-0968.cnf">
      <Filter>Resource Files</Filter>
    </None>
    <None Include="uf20-91.tar\uf20-0969.cnf">
      <Filter>Resource Files</Filter>
    </None>
    <None Include="uf20-91.tar\uf20-0970.cnf">
      <Filter>Resource Files</Filter>
    </None>
    <None Include="uf20-91.tar\uf20-0971.cnf">
      <Filter>Resource Files</Filter>
    </None>
    <None Include="uf20-91.tar\uf20-0972.cnf">
      <Filter>Resource Files</Filter>
    </None>
    <None Include="uf20-91.tar\uf20-0973.cnf">
      <Filter>Resource Files</Filter>
    </None>
    <None Include="uf20-91.tar\uf20-0974.cnf">
      <Filter>Resource Files</Filter>
    </None>
    <None Include="uf20-91.tar\uf20-0975.cnf">
      <Filter>Resource Files</Filter>
    </None>
    <None Include="uf20-91.tar\uf20-0976.cnf">
      <Filter>Resource Files</Filter>
    </None>
    <None Include="uf20-91.tar\uf20-0977.cnf">
      <Filter>Resource Files</Filter>
    </None>
    <None Include="uf20-91.tar\uf20-0978.cnf">
      <Filter>Resource Files</Filter>
    </None>
    <None Include="uf20-91.tar\uf20-0979.cnf">
      <Filter>Resource Files</Filter>
    </None>
    <None Include="uf20-91.tar\uf20-0980.cnf">
      <Filter>Resource Files</Filter>
    </None>
    <None Include="uf20-91.tar\uf20-0981.cnf">
      <Filter>Resource Files</Filter>
    </None>
    <None Include="uf20-91.tar\uf20-0982.cnf">
      <Filter>Resource Files</Filter>
    </None>
    <None Include="uf20-91.tar\uf20-0983.cnf">
      <Filter>Resource Files</Filter>
    </None>
    <None Include="uf20-91.tar\uf20-0984.cnf">
      <Filter>Resource Files</Filter>
    </None>
    <None Include="uf20-91.tar\uf20-0985.cnf">
      <Filter>Resource Files</Filter>
    </None>
    <None Include="uf20-91.tar\uf20-0986.cnf">
      <Filter>Resource Files</Filter>
    </None>
    <None Include="uf20-91.tar\uf20-0987.cnf">
      <Filter>Resource Files</Filter>
    </None>
    <None Include="uf20-91.tar\uf20-0988.cnf">
      <Filter>Resource Files</Filter>
    </None>
    <None Include="uf20-91.tar\uf20-0989.cnf">
      <Filter>Resource Files</Filter>
    </None>
    <None Include="uf20-91.tar\uf20-0990.cnf">
      <Filter>Resource Files</Filter>
    </None>
    <None Include="uf20-91.tar\uf20-0991.cnf">
      <Filter>Resource Files</Filter>
    </None>
    <None Include="uf20-91.tar\uf20-0992.cnf">
      <Filter>Resource Files</Filter>
    </None>
    <None Include="uf20-91.tar\uf20-0993.cnf">
      <Filter>Resource Files</Filter>
    </None>
    <None Include="uf20-91.tar\uf20-0994.cnf">
      <Filter>Resource Files</Filter>
    </None>
    <None Include="uf20-91.tar\uf20-0995.cnf">
      <Filter>Resource Files</Filter>
    </None>
    <None Include="uf20-91.tar\uf20-0996.cnf">
      <Filter>Resource Files</Filter>
    </None>
    <None Include="uf20-91.tar\uf20-0997.cnf">
      <Filter>Resource Files</Filter>
    </None>
    <None Include="uf20-91.tar\uf20-0998.cnf">
      <Filter>Resource Files</Filter>
    </None>
    <None Include="uf20-91.tar\uf20-0999.cnf">
      <Filter>Resource Files</Filter>
    </None>
    <None Include="uf20-91.tar\uf20-01000.cnf">
      <Filter>Resource Files</Filter>
    </None>
  </ItemGroup>
</Project>